// !$*UTF8*$!
{
	archiveVersion = 1;
	classes = {
	};
	objectVersion = 48;
	objects = {

/* Begin PBXBuildFile section */
		7F261862274ACDDE00F8B109 /* history.c in Sources */ = {isa = PBXBuildFile; fileRef = 7F261861274ACDDE00F8B109 /* history.c */; };
		7F2C060E271CFF3300128330 /* EigenmathAppDelegate.m in Sources */ = {isa = PBXBuildFile; fileRef = 7F2C060D271CFF3300128330 /* EigenmathAppDelegate.m */; };
		7F2C0616271CFF3F00128330 /* main.m in Sources */ = {isa = PBXBuildFile; fileRef = 7F2C0615271CFF3F00128330 /* main.m */; };
		7F70C945271E015800691D3F /* Images.xcassets in Resources */ = {isa = PBXBuildFile; fileRef = 7F70C944271E015800691D3F /* Images.xcassets */; };
		7F79615D27405F4E00211A54 /* MainMenu.xib in Resources */ = {isa = PBXBuildFile; fileRef = 7F79615B27405F4E00211A54 /* MainMenu.xib */; };
		7FAB242B271D0293007ED5D2 /* log.c in Sources */ = {isa = PBXBuildFile; fileRef = 7FAB23BA271D0293007ED5D2 /* log.c */; };
		7FAB242C271D0293007ED5D2 /* arcsinh.c in Sources */ = {isa = PBXBuildFile; fileRef = 7FAB23BB271D0293007ED5D2 /* arcsinh.c */; };
		7FAB242D271D0293007ED5D2 /* power_natural_number.c in Sources */ = {isa = PBXBuildFile; fileRef = 7FAB23BC271D0293007ED5D2 /* power_natural_number.c */; };
		7FAB242E271D0293007ED5D2 /* atomize.c in Sources */ = {isa = PBXBuildFile; fileRef = 7FAB23BD271D0293007ED5D2 /* atomize.c */; };
		7FAB242F271D0293007ED5D2 /* eval.c in Sources */ = {isa = PBXBuildFile; fileRef = 7FAB23BE271D0293007ED5D2 /* eval.c */; };
		7FAB2430271D0293007ED5D2 /* rect.c in Sources */ = {isa = PBXBuildFile; fileRef = 7FAB23BF271D0293007ED5D2 /* rect.c */; };
		7FAB2431271D0293007ED5D2 /* sum.c in Sources */ = {isa = PBXBuildFile; fileRef = 7FAB23C0271D0293007ED5D2 /* sum.c */; };
		7FAB2432271D0293007ED5D2 /* sgn.c in Sources */ = {isa = PBXBuildFile; fileRef = 7FAB23C1271D0293007ED5D2 /* sgn.c */; };
		7FAB2434271D0293007ED5D2 /* factor.c in Sources */ = {isa = PBXBuildFile; fileRef = 7FAB23C3271D0293007ED5D2 /* factor.c */; };
		7FAB2435271D0293007ED5D2 /* roots.c in Sources */ = {isa = PBXBuildFile; fileRef = 7FAB23C4271D0293007ED5D2 /* roots.c */; };
		7FAB2437271D0293007ED5D2 /* erfc.c in Sources */ = {isa = PBXBuildFile; fileRef = 7FAB23C7271D0293007ED5D2 /* erfc.c */; };
		7FAB2438271D0293007ED5D2 /* eigen.c in Sources */ = {isa = PBXBuildFile; fileRef = 7FAB23C8271D0293007ED5D2 /* eigen.c */; };
		7FAB2439271D0293007ED5D2 /* coeff.c in Sources */ = {isa = PBXBuildFile; fileRef = 7FAB23C9271D0293007ED5D2 /* coeff.c */; };
		7FAB243A271D0293007ED5D2 /* expsin.c in Sources */ = {isa = PBXBuildFile; fileRef = 7FAB23CA271D0293007ED5D2 /* expsin.c */; };
		7FAB243B271D0293007ED5D2 /* print.c in Sources */ = {isa = PBXBuildFile; fileRef = 7FAB23CB271D0293007ED5D2 /* print.c */; };
		7FAB243C271D0293007ED5D2 /* imag.c in Sources */ = {isa = PBXBuildFile; fileRef = 7FAB23CC271D0293007ED5D2 /* imag.c */; };
		7FAB243D271D0293007ED5D2 /* erf.c in Sources */ = {isa = PBXBuildFile; fileRef = 7FAB23CD271D0293007ED5D2 /* erf.c */; };
		7FAB243E271D0293007ED5D2 /* circexp.c in Sources */ = {isa = PBXBuildFile; fileRef = 7FAB23CE271D0293007ED5D2 /* circexp.c */; };
		7FAB243F271D0293007ED5D2 /* latex.c in Sources */ = {isa = PBXBuildFile; fileRef = 7FAB23CF271D0293007ED5D2 /* latex.c */; };
		7FAB2440271D0293007ED5D2 /* rotate.c in Sources */ = {isa = PBXBuildFile; fileRef = 7FAB23D0271D0293007ED5D2 /* rotate.c */; };
		7FAB2441271D0293007ED5D2 /* expcos.c in Sources */ = {isa = PBXBuildFile; fileRef = 7FAB23D1271D0293007ED5D2 /* expcos.c */; };
		7FAB2442271D0293007ED5D2 /* stack.c in Sources */ = {isa = PBXBuildFile; fileRef = 7FAB23D2271D0293007ED5D2 /* stack.c */; };
		7FAB2443271D0293007ED5D2 /* bessely.c in Sources */ = {isa = PBXBuildFile; fileRef = 7FAB23D3271D0293007ED5D2 /* bessely.c */; };
		7FAB2444271D0293007ED5D2 /* power_numbers.c in Sources */ = {isa = PBXBuildFile; fileRef = 7FAB23D4271D0293007ED5D2 /* power_numbers.c */; };
		7FAB2445271D0293007ED5D2 /* hadamard.c in Sources */ = {isa = PBXBuildFile; fileRef = 7FAB23D5271D0293007ED5D2 /* hadamard.c */; };
		7FAB2446271D0293007ED5D2 /* mod.c in Sources */ = {isa = PBXBuildFile; fileRef = 7FAB23D6271D0293007ED5D2 /* mod.c */; };
		7FAB2447271D0293007ED5D2 /* sinh.c in Sources */ = {isa = PBXBuildFile; fileRef = 7FAB23D7271D0293007ED5D2 /* sinh.c */; };
		7FAB2448271D0293007ED5D2 /* sin.c in Sources */ = {isa = PBXBuildFile; fileRef = 7FAB23D8271D0293007ED5D2 /* sin.c */; };
		7FAB244A271D0293007ED5D2 /* conj.c in Sources */ = {isa = PBXBuildFile; fileRef = 7FAB23DA271D0293007ED5D2 /* conj.c */; };
		7FAB244B271D0293007ED5D2 /* inner.c in Sources */ = {isa = PBXBuildFile; fileRef = 7FAB23DB271D0293007ED5D2 /* inner.c */; };
		7FAB244C271D0293007ED5D2 /* outer.c in Sources */ = {isa = PBXBuildFile; fileRef = 7FAB23DD271D0293007ED5D2 /* outer.c */; };
		7FAB244D271D0293007ED5D2 /* cofactor.c in Sources */ = {isa = PBXBuildFile; fileRef = 7FAB23DE271D0293007ED5D2 /* cofactor.c */; };
		7FAB244E271D0293007ED5D2 /* integral.c in Sources */ = {isa = PBXBuildFile; fileRef = 7FAB23DF271D0293007ED5D2 /* integral.c */; };
		7FAB244F271D0293007ED5D2 /* userfunc.c in Sources */ = {isa = PBXBuildFile; fileRef = 7FAB23E0271D0293007ED5D2 /* userfunc.c */; };
		7FAB2450271D0293007ED5D2 /* simplify.c in Sources */ = {isa = PBXBuildFile; fileRef = 7FAB23E1271D0293007ED5D2 /* simplify.c */; };
		7FAB2451271D0293007ED5D2 /* minor.c in Sources */ = {isa = PBXBuildFile; fileRef = 7FAB23E2271D0293007ED5D2 /* minor.c */; };
		7FAB2452271D0293007ED5D2 /* run.c in Sources */ = {isa = PBXBuildFile; fileRef = 7FAB23E3271D0293007ED5D2 /* run.c */; };
		7FAB2453271D0293007ED5D2 /* cos.c in Sources */ = {isa = PBXBuildFile; fileRef = 7FAB23E4271D0293007ED5D2 /* cos.c */; };
		7FAB2454271D0293007ED5D2 /* contract.c in Sources */ = {isa = PBXBuildFile; fileRef = 7FAB23E5271D0293007ED5D2 /* contract.c */; };
		7FAB2455271D0293007ED5D2 /* exp.c in Sources */ = {isa = PBXBuildFile; fileRef = 7FAB23E6271D0293007ED5D2 /* exp.c */; };
		7FAB2456271D0293007ED5D2 /* mag.c in Sources */ = {isa = PBXBuildFile; fileRef = 7FAB23E7271D0293007ED5D2 /* mag.c */; };
		7FAB2457271D0293007ED5D2 /* scan.c in Sources */ = {isa = PBXBuildFile; fileRef = 7FAB23E8271D0293007ED5D2 /* scan.c */; };
		7FAB2458271D0293007ED5D2 /* det.c in Sources */ = {isa = PBXBuildFile; fileRef = 7FAB23E9271D0293007ED5D2 /* det.c */; };
		7FAB2459271D0293007ED5D2 /* factors.c in Sources */ = {isa = PBXBuildFile; fileRef = 7FAB23EA271D0293007ED5D2 /* factors.c */; };
		7FAB245A271D0293007ED5D2 /* inv.c in Sources */ = {isa = PBXBuildFile; fileRef = 7FAB23EB271D0293007ED5D2 /* inv.c */; };
		7FAB245B271D0293007ED5D2 /* denominator.c in Sources */ = {isa = PBXBuildFile; fileRef = 7FAB23EC271D0293007ED5D2 /* denominator.c */; };
		7FAB245C271D0293007ED5D2 /* polar.c in Sources */ = {isa = PBXBuildFile; fileRef = 7FAB23ED271D0293007ED5D2 /* polar.c */; };
		7FAB245D271D0293007ED5D2 /* prefixform.c in Sources */ = {isa = PBXBuildFile; fileRef = 7FAB23EE271D0293007ED5D2 /* prefixform.c */; };
		7FAB245E271D0293007ED5D2 /* quotient.c in Sources */ = {isa = PBXBuildFile; fileRef = 7FAB23EF271D0293007ED5D2 /* quotient.c */; };
		7FAB245F271D0293007ED5D2 /* transpose.c in Sources */ = {isa = PBXBuildFile; fileRef = 7FAB23F0271D0293007ED5D2 /* transpose.c */; };
		7FAB2460271D0293007ED5D2 /* tensor.c in Sources */ = {isa = PBXBuildFile; fileRef = 7FAB23F1271D0293007ED5D2 /* tensor.c */; };
		7FAB2461271D0293007ED5D2 /* numerator.c in Sources */ = {isa = PBXBuildFile; fileRef = 7FAB23F2271D0293007ED5D2 /* numerator.c */; };
		7FAB2462271D0293007ED5D2 /* power_minusone.c in Sources */ = {isa = PBXBuildFile; fileRef = 7FAB23F3271D0293007ED5D2 /* power_minusone.c */; };
		7FAB2463271D0293007ED5D2 /* bignum.c in Sources */ = {isa = PBXBuildFile; fileRef = 7FAB23F4271D0293007ED5D2 /* bignum.c */; };
		7FAB2464271D0293007ED5D2 /* floor.c in Sources */ = {isa = PBXBuildFile; fileRef = 7FAB23F5271D0293007ED5D2 /* floor.c */; };
		7FAB2465271D0293007ED5D2 /* clock.c in Sources */ = {isa = PBXBuildFile; fileRef = 7FAB23F6271D0293007ED5D2 /* clock.c */; };
		7FAB2466271D0293007ED5D2 /* arctan.c in Sources */ = {isa = PBXBuildFile; fileRef = 7FAB23F7271D0293007ED5D2 /* arctan.c */; };
		7FAB2467271D0293007ED5D2 /* filter.c in Sources */ = {isa = PBXBuildFile; fileRef = 7FAB23F8271D0293007ED5D2 /* filter.c */; };
		7FAB2468271D0293007ED5D2 /* nroots.c in Sources */ = {isa = PBXBuildFile; fileRef = 7FAB23F9271D0293007ED5D2 /* nroots.c */; };
		7FAB246A271D0293007ED5D2 /* setq.c in Sources */ = {isa = PBXBuildFile; fileRef = 7FAB23FB271D0293007ED5D2 /* setq.c */; };
		7FAB246C271D0293007ED5D2 /* core.c in Sources */ = {isa = PBXBuildFile; fileRef = 7FAB23FD271D0293007ED5D2 /* core.c */; };
		7FAB246D271D0293007ED5D2 /* power.c in Sources */ = {isa = PBXBuildFile; fileRef = 7FAB23FF271D0293007ED5D2 /* power.c */; };
		7FAB246E271D0293007ED5D2 /* ceiling.c in Sources */ = {isa = PBXBuildFile; fileRef = 7FAB2400271D0293007ED5D2 /* ceiling.c */; };
		7FAB2471271D0293007ED5D2 /* index.c in Sources */ = {isa = PBXBuildFile; fileRef = 7FAB2403271D0293007ED5D2 /* index.c */; };
		7FAB2472271D0293007ED5D2 /* infixform.c in Sources */ = {isa = PBXBuildFile; fileRef = 7FAB2404271D0293007ED5D2 /* infixform.c */; };
		7FAB2474271D0293007ED5D2 /* power_complex_number.c in Sources */ = {isa = PBXBuildFile; fileRef = 7FAB2406271D0293007ED5D2 /* power_complex_number.c */; };
		7FAB2476271D0294007ED5D2 /* factorial.c in Sources */ = {isa = PBXBuildFile; fileRef = 7FAB2408271D0293007ED5D2 /* factorial.c */; };
		7FAB2477271D0294007ED5D2 /* derivative.c in Sources */ = {isa = PBXBuildFile; fileRef = 7FAB2409271D0293007ED5D2 /* derivative.c */; };
		7FAB2478271D0294007ED5D2 /* arccosh.c in Sources */ = {isa = PBXBuildFile; fileRef = 7FAB240A271D0293007ED5D2 /* arccosh.c */; };
		7FAB2479271D0294007ED5D2 /* arctanh.c in Sources */ = {isa = PBXBuildFile; fileRef = 7FAB240B271D0293007ED5D2 /* arctanh.c */; };
		7FAB247A271D0294007ED5D2 /* for.c in Sources */ = {isa = PBXBuildFile; fileRef = 7FAB240C271D0293007ED5D2 /* for.c */; };
		7FAB247B271D0294007ED5D2 /* equal.c in Sources */ = {isa = PBXBuildFile; fileRef = 7FAB240D271D0293007ED5D2 /* equal.c */; };
		7FAB247C271D0294007ED5D2 /* symbol.c in Sources */ = {isa = PBXBuildFile; fileRef = 7FAB240E271D0293007ED5D2 /* symbol.c */; };
		7FAB247E271D0294007ED5D2 /* mathml.c in Sources */ = {isa = PBXBuildFile; fileRef = 7FAB2410271D0293007ED5D2 /* mathml.c */; };
		7FAB247F271D0294007ED5D2 /* product.c in Sources */ = {isa = PBXBuildFile; fileRef = 7FAB2411271D0293007ED5D2 /* product.c */; };
		7FAB2480271D0294007ED5D2 /* float.c in Sources */ = {isa = PBXBuildFile; fileRef = 7FAB2412271D0293007ED5D2 /* float.c */; };
		7FAB2481271D0294007ED5D2 /* rationalize.c in Sources */ = {isa = PBXBuildFile; fileRef = 7FAB2413271D0293007ED5D2 /* rationalize.c */; };
		7FAB2482271D0294007ED5D2 /* arcsin.c in Sources */ = {isa = PBXBuildFile; fileRef = 7FAB2414271D0293007ED5D2 /* arcsin.c */; };
		7FAB2483271D0294007ED5D2 /* defint.c in Sources */ = {isa = PBXBuildFile; fileRef = 7FAB2415271D0293007ED5D2 /* defint.c */; };
		7FAB2484271D0294007ED5D2 /* test.c in Sources */ = {isa = PBXBuildFile; fileRef = 7FAB2416271D0293007ED5D2 /* test.c */; };
		7FAB2485271D0294007ED5D2 /* add.c in Sources */ = {isa = PBXBuildFile; fileRef = 7FAB2417271D0293007ED5D2 /* add.c */; };
		7FAB2486271D0294007ED5D2 /* noexpand.c in Sources */ = {isa = PBXBuildFile; fileRef = 7FAB2418271D0293007ED5D2 /* noexpand.c */; };
		7FAB2487271D0294007ED5D2 /* multiply.c in Sources */ = {isa = PBXBuildFile; fileRef = 7FAB2419271D0293007ED5D2 /* multiply.c */; };
		7FAB2488271D0294007ED5D2 /* primetab.c in Sources */ = {isa = PBXBuildFile; fileRef = 7FAB241A271D0293007ED5D2 /* primetab.c */; };
		7FAB2489271D0294007ED5D2 /* besselj.c in Sources */ = {isa = PBXBuildFile; fileRef = 7FAB241B271D0293007ED5D2 /* besselj.c */; };
		7FAB248A271D0294007ED5D2 /* arg.c in Sources */ = {isa = PBXBuildFile; fileRef = 7FAB241C271D0293007ED5D2 /* arg.c */; };
		7FAB248B271D0294007ED5D2 /* arccos.c in Sources */ = {isa = PBXBuildFile; fileRef = 7FAB241D271D0293007ED5D2 /* arccos.c */; };
		7FAB248C271D0294007ED5D2 /* mathjax.c in Sources */ = {isa = PBXBuildFile; fileRef = 7FAB241E271D0293007ED5D2 /* mathjax.c */; };
		7FAB248D271D0294007ED5D2 /* adj.c in Sources */ = {isa = PBXBuildFile; fileRef = 7FAB241F271D0293007ED5D2 /* adj.c */; };
		7FAB248E271D0294007ED5D2 /* tanh.c in Sources */ = {isa = PBXBuildFile; fileRef = 7FAB2420271D0293007ED5D2 /* tanh.c */; };
		7FAB248F271D0294007ED5D2 /* cosh.c in Sources */ = {isa = PBXBuildFile; fileRef = 7FAB2421271D0293007ED5D2 /* cosh.c */; };
		7FAB2491271D0294007ED5D2 /* globals.c in Sources */ = {isa = PBXBuildFile; fileRef = 7FAB2423271D0293007ED5D2 /* globals.c */; };
		7FAB2493271D0294007ED5D2 /* kronecker.c in Sources */ = {isa = PBXBuildFile; fileRef = 7FAB2425271D0293007ED5D2 /* kronecker.c */; };
		7FAB2494271D0294007ED5D2 /* real.c in Sources */ = {isa = PBXBuildFile; fileRef = 7FAB2426271D0293007ED5D2 /* real.c */; };
		7FAB2495271D0294007ED5D2 /* isprime.c in Sources */ = {isa = PBXBuildFile; fileRef = 7FAB2427271D0293007ED5D2 /* isprime.c */; };
		7FAB2496271D0294007ED5D2 /* abs.c in Sources */ = {isa = PBXBuildFile; fileRef = 7FAB2428271D0293007ED5D2 /* abs.c */; };
		7FAB2497271D0294007ED5D2 /* subst.c in Sources */ = {isa = PBXBuildFile; fileRef = 7FAB2429271D0293007ED5D2 /* subst.c */; };
		7FAB2498271D0294007ED5D2 /* tan.c in Sources */ = {isa = PBXBuildFile; fileRef = 7FAB242A271D0293007ED5D2 /* tan.c */; };
		7FAB24A4271D0556007ED5D2 /* EigenmathView.m in Sources */ = {isa = PBXBuildFile; fileRef = 7FAB24A3271D0556007ED5D2 /* EigenmathView.m */; };
		7FAE1428271D0FD4001234C6 /* display.c in Sources */ = {isa = PBXBuildFile; fileRef = 7FAE141A271D0FD4001234C6 /* display.c */; };
		7FAE1429271D0FD4001234C6 /* emit.c in Sources */ = {isa = PBXBuildFile; fileRef = 7FAE141B271D0FD4001234C6 /* emit.c */; };
		7FAE142A271D0FD4001234C6 /* eval_draw.c in Sources */ = {isa = PBXBuildFile; fileRef = 7FAE141D271D0FD4001234C6 /* eval_draw.c */; };
		7FAE142B271D0FD4001234C6 /* atomic.c in Sources */ = {isa = PBXBuildFile; fileRef = 7FAE141E271D0FD4001234C6 /* atomic.c */; };
		7FAE142C271D0FD4001234C6 /* shipout.c in Sources */ = {isa = PBXBuildFile; fileRef = 7FAE1420271D0FD4001234C6 /* shipout.c */; };
		7FAE142D271D0FD4001234C6 /* eval_nonstop.c in Sources */ = {isa = PBXBuildFile; fileRef = 7FAE1421271D0FD4001234C6 /* eval_nonstop.c */; };
		7FAE142E271D0FD4001234C6 /* printbuf.c in Sources */ = {isa = PBXBuildFile; fileRef = 7FAE1422271D0FD4001234C6 /* printbuf.c */; };
		7FAE142F271D0FD4001234C6 /* draw_selection_rect.c in Sources */ = {isa = PBXBuildFile; fileRef = 7FAE1423271D0FD4001234C6 /* draw_selection_rect.c */; };
		7FAE1430271D0FD4001234C6 /* draw_display.c in Sources */ = {isa = PBXBuildFile; fileRef = 7FAE1424271D0FD4001234C6 /* draw_display.c */; };
		7FAE1431271D0FD4001234C6 /* run_thread.c in Sources */ = {isa = PBXBuildFile; fileRef = 7FAE1425271D0FD4001234C6 /* run_thread.c */; };
		7FAE1432271D0FD4001234C6 /* app.c in Sources */ = {isa = PBXBuildFile; fileRef = 7FAE1426271D0FD4001234C6 /* app.c */; };
		7FAE1433271D0FD4001234C6 /* fontinfo.c in Sources */ = {isa = PBXBuildFile; fileRef = 7FAE1427271D0FD4001234C6 /* fontinfo.c */; };
		7FC9CC1528491F4B00808C60 /* taylor.c in Sources */ = {isa = PBXBuildFile; fileRef = 7FC9CC1428491F4B00808C60 /* taylor.c */; };
		7FF6B91C271DCAC20047F0A7 /* Eigenmath.help in Resources */ = {isa = PBXBuildFile; fileRef = 7FF6B91A271DCAC20047F0A7 /* Eigenmath.help */; };
/* End PBXBuildFile section */

/* Begin PBXFileReference section */
		7F261861274ACDDE00F8B109 /* history.c */ = {isa = PBXFileReference; fileEncoding = 4; lastKnownFileType = sourcecode.c.c; path = history.c; sourceTree = "<group>"; };
		7F2C0609271CFF3300128330 /* Eigenmath.app */ = {isa = PBXFileReference; explicitFileType = wrapper.application; includeInIndex = 0; path = Eigenmath.app; sourceTree = BUILT_PRODUCTS_DIR; };
		7F2C060C271CFF3300128330 /* EigenmathAppDelegate.h */ = {isa = PBXFileReference; lastKnownFileType = sourcecode.c.h; path = EigenmathAppDelegate.h; sourceTree = "<group>"; };
		7F2C060D271CFF3300128330 /* EigenmathAppDelegate.m */ = {isa = PBXFileReference; lastKnownFileType = sourcecode.c.objc; path = EigenmathAppDelegate.m; sourceTree = "<group>"; };
		7F2C0614271CFF3F00128330 /* Info.plist */ = {isa = PBXFileReference; lastKnownFileType = text.plist.xml; path = Info.plist; sourceTree = "<group>"; };
		7F2C0615271CFF3F00128330 /* main.m */ = {isa = PBXFileReference; lastKnownFileType = sourcecode.c.objc; path = main.m; sourceTree = "<group>"; };
		7F2C0617271CFF3F00128330 /* Eigenmath.entitlements */ = {isa = PBXFileReference; lastKnownFileType = text.plist.entitlements; path = Eigenmath.entitlements; sourceTree = "<group>"; };
		7F70C944271E015800691D3F /* Images.xcassets */ = {isa = PBXFileReference; lastKnownFileType = folder.assetcatalog; path = Images.xcassets; sourceTree = "<group>"; };
		7F79615C27405F4E00211A54 /* Base */ = {isa = PBXFileReference; lastKnownFileType = file.xib; name = Base; path = Base.lproj/MainMenu.xib; sourceTree = "<group>"; };
		7FAB23BA271D0293007ED5D2 /* log.c */ = {isa = PBXFileReference; fileEncoding = 4; lastKnownFileType = sourcecode.c.c; path = log.c; sourceTree = "<group>"; };
		7FAB23BB271D0293007ED5D2 /* arcsinh.c */ = {isa = PBXFileReference; fileEncoding = 4; lastKnownFileType = sourcecode.c.c; path = arcsinh.c; sourceTree = "<group>"; };
		7FAB23BC271D0293007ED5D2 /* power_natural_number.c */ = {isa = PBXFileReference; fileEncoding = 4; lastKnownFileType = sourcecode.c.c; path = power_natural_number.c; sourceTree = "<group>"; };
		7FAB23BD271D0293007ED5D2 /* atomize.c */ = {isa = PBXFileReference; fileEncoding = 4; lastKnownFileType = sourcecode.c.c; path = atomize.c; sourceTree = "<group>"; };
		7FAB23BE271D0293007ED5D2 /* eval.c */ = {isa = PBXFileReference; fileEncoding = 4; lastKnownFileType = sourcecode.c.c; path = eval.c; sourceTree = "<group>"; };
		7FAB23BF271D0293007ED5D2 /* rect.c */ = {isa = PBXFileReference; fileEncoding = 4; lastKnownFileType = sourcecode.c.c; path = rect.c; sourceTree = "<group>"; };
		7FAB23C0271D0293007ED5D2 /* sum.c */ = {isa = PBXFileReference; fileEncoding = 4; lastKnownFileType = sourcecode.c.c; path = sum.c; sourceTree = "<group>"; };
		7FAB23C1271D0293007ED5D2 /* sgn.c */ = {isa = PBXFileReference; fileEncoding = 4; lastKnownFileType = sourcecode.c.c; path = sgn.c; sourceTree = "<group>"; };
		7FAB23C3271D0293007ED5D2 /* factor.c */ = {isa = PBXFileReference; fileEncoding = 4; lastKnownFileType = sourcecode.c.c; path = factor.c; sourceTree = "<group>"; };
		7FAB23C4271D0293007ED5D2 /* roots.c */ = {isa = PBXFileReference; fileEncoding = 4; lastKnownFileType = sourcecode.c.c; path = roots.c; sourceTree = "<group>"; };
		7FAB23C5271D0293007ED5D2 /* defs.h */ = {isa = PBXFileReference; fileEncoding = 4; lastKnownFileType = sourcecode.c.h; path = defs.h; sourceTree = "<group>"; };
		7FAB23C7271D0293007ED5D2 /* erfc.c */ = {isa = PBXFileReference; fileEncoding = 4; lastKnownFileType = sourcecode.c.c; path = erfc.c; sourceTree = "<group>"; };
		7FAB23C8271D0293007ED5D2 /* eigen.c */ = {isa = PBXFileReference; fileEncoding = 4; lastKnownFileType = sourcecode.c.c; path = eigen.c; sourceTree = "<group>"; };
		7FAB23C9271D0293007ED5D2 /* coeff.c */ = {isa = PBXFileReference; fileEncoding = 4; lastKnownFileType = sourcecode.c.c; path = coeff.c; sourceTree = "<group>"; };
		7FAB23CA271D0293007ED5D2 /* expsin.c */ = {isa = PBXFileReference; fileEncoding = 4; lastKnownFileType = sourcecode.c.c; path = expsin.c; sourceTree = "<group>"; };
		7FAB23CB271D0293007ED5D2 /* print.c */ = {isa = PBXFileReference; fileEncoding = 4; lastKnownFileType = sourcecode.c.c; path = print.c; sourceTree = "<group>"; };
		7FAB23CC271D0293007ED5D2 /* imag.c */ = {isa = PBXFileReference; fileEncoding = 4; lastKnownFileType = sourcecode.c.c; path = imag.c; sourceTree = "<group>"; };
		7FAB23CD271D0293007ED5D2 /* erf.c */ = {isa = PBXFileReference; fileEncoding = 4; lastKnownFileType = sourcecode.c.c; path = erf.c; sourceTree = "<group>"; };
		7FAB23CE271D0293007ED5D2 /* circexp.c */ = {isa = PBXFileReference; fileEncoding = 4; lastKnownFileType = sourcecode.c.c; path = circexp.c; sourceTree = "<group>"; };
		7FAB23CF271D0293007ED5D2 /* latex.c */ = {isa = PBXFileReference; fileEncoding = 4; lastKnownFileType = sourcecode.c.c; path = latex.c; sourceTree = "<group>"; };
		7FAB23D0271D0293007ED5D2 /* rotate.c */ = {isa = PBXFileReference; fileEncoding = 4; lastKnownFileType = sourcecode.c.c; path = rotate.c; sourceTree = "<group>"; };
		7FAB23D1271D0293007ED5D2 /* expcos.c */ = {isa = PBXFileReference; fileEncoding = 4; lastKnownFileType = sourcecode.c.c; path = expcos.c; sourceTree = "<group>"; };
		7FAB23D2271D0293007ED5D2 /* stack.c */ = {isa = PBXFileReference; fileEncoding = 4; lastKnownFileType = sourcecode.c.c; path = stack.c; sourceTree = "<group>"; };
		7FAB23D3271D0293007ED5D2 /* bessely.c */ = {isa = PBXFileReference; fileEncoding = 4; lastKnownFileType = sourcecode.c.c; path = bessely.c; sourceTree = "<group>"; };
		7FAB23D4271D0293007ED5D2 /* power_numbers.c */ = {isa = PBXFileReference; fileEncoding = 4; lastKnownFileType = sourcecode.c.c; path = power_numbers.c; sourceTree = "<group>"; };
		7FAB23D5271D0293007ED5D2 /* hadamard.c */ = {isa = PBXFileReference; fileEncoding = 4; lastKnownFileType = sourcecode.c.c; path = hadamard.c; sourceTree = "<group>"; };
		7FAB23D6271D0293007ED5D2 /* mod.c */ = {isa = PBXFileReference; fileEncoding = 4; lastKnownFileType = sourcecode.c.c; path = mod.c; sourceTree = "<group>"; };
		7FAB23D7271D0293007ED5D2 /* sinh.c */ = {isa = PBXFileReference; fileEncoding = 4; lastKnownFileType = sourcecode.c.c; path = sinh.c; sourceTree = "<group>"; };
		7FAB23D8271D0293007ED5D2 /* sin.c */ = {isa = PBXFileReference; fileEncoding = 4; lastKnownFileType = sourcecode.c.c; path = sin.c; sourceTree = "<group>"; };
		7FAB23DA271D0293007ED5D2 /* conj.c */ = {isa = PBXFileReference; fileEncoding = 4; lastKnownFileType = sourcecode.c.c; path = conj.c; sourceTree = "<group>"; };
		7FAB23DB271D0293007ED5D2 /* inner.c */ = {isa = PBXFileReference; fileEncoding = 4; lastKnownFileType = sourcecode.c.c; path = inner.c; sourceTree = "<group>"; };
		7FAB23DC271D0293007ED5D2 /* defs1.h */ = {isa = PBXFileReference; fileEncoding = 4; lastKnownFileType = sourcecode.c.h; path = defs1.h; sourceTree = "<group>"; };
		7FAB23DD271D0293007ED5D2 /* outer.c */ = {isa = PBXFileReference; fileEncoding = 4; lastKnownFileType = sourcecode.c.c; path = outer.c; sourceTree = "<group>"; };
		7FAB23DE271D0293007ED5D2 /* cofactor.c */ = {isa = PBXFileReference; fileEncoding = 4; lastKnownFileType = sourcecode.c.c; path = cofactor.c; sourceTree = "<group>"; };
		7FAB23DF271D0293007ED5D2 /* integral.c */ = {isa = PBXFileReference; fileEncoding = 4; lastKnownFileType = sourcecode.c.c; path = integral.c; sourceTree = "<group>"; };
		7FAB23E0271D0293007ED5D2 /* userfunc.c */ = {isa = PBXFileReference; fileEncoding = 4; lastKnownFileType = sourcecode.c.c; path = userfunc.c; sourceTree = "<group>"; };
		7FAB23E1271D0293007ED5D2 /* simplify.c */ = {isa = PBXFileReference; fileEncoding = 4; lastKnownFileType = sourcecode.c.c; path = simplify.c; sourceTree = "<group>"; };
		7FAB23E2271D0293007ED5D2 /* minor.c */ = {isa = PBXFileReference; fileEncoding = 4; lastKnownFileType = sourcecode.c.c; path = minor.c; sourceTree = "<group>"; };
		7FAB23E3271D0293007ED5D2 /* run.c */ = {isa = PBXFileReference; fileEncoding = 4; lastKnownFileType = sourcecode.c.c; path = run.c; sourceTree = "<group>"; };
		7FAB23E4271D0293007ED5D2 /* cos.c */ = {isa = PBXFileReference; fileEncoding = 4; lastKnownFileType = sourcecode.c.c; path = cos.c; sourceTree = "<group>"; };
		7FAB23E5271D0293007ED5D2 /* contract.c */ = {isa = PBXFileReference; fileEncoding = 4; lastKnownFileType = sourcecode.c.c; path = contract.c; sourceTree = "<group>"; };
		7FAB23E6271D0293007ED5D2 /* exp.c */ = {isa = PBXFileReference; fileEncoding = 4; lastKnownFileType = sourcecode.c.c; path = exp.c; sourceTree = "<group>"; };
		7FAB23E7271D0293007ED5D2 /* mag.c */ = {isa = PBXFileReference; fileEncoding = 4; lastKnownFileType = sourcecode.c.c; path = mag.c; sourceTree = "<group>"; };
		7FAB23E8271D0293007ED5D2 /* scan.c */ = {isa = PBXFileReference; fileEncoding = 4; lastKnownFileType = sourcecode.c.c; path = scan.c; sourceTree = "<group>"; };
		7FAB23E9271D0293007ED5D2 /* det.c */ = {isa = PBXFileReference; fileEncoding = 4; lastKnownFileType = sourcecode.c.c; path = det.c; sourceTree = "<group>"; };
		7FAB23EA271D0293007ED5D2 /* factors.c */ = {isa = PBXFileReference; fileEncoding = 4; lastKnownFileType = sourcecode.c.c; path = factors.c; sourceTree = "<group>"; };
		7FAB23EB271D0293007ED5D2 /* inv.c */ = {isa = PBXFileReference; fileEncoding = 4; lastKnownFileType = sourcecode.c.c; path = inv.c; sourceTree = "<group>"; };
		7FAB23EC271D0293007ED5D2 /* denominator.c */ = {isa = PBXFileReference; fileEncoding = 4; lastKnownFileType = sourcecode.c.c; path = denominator.c; sourceTree = "<group>"; };
		7FAB23ED271D0293007ED5D2 /* polar.c */ = {isa = PBXFileReference; fileEncoding = 4; lastKnownFileType = sourcecode.c.c; path = polar.c; sourceTree = "<group>"; };
		7FAB23EE271D0293007ED5D2 /* prefixform.c */ = {isa = PBXFileReference; fileEncoding = 4; lastKnownFileType = sourcecode.c.c; path = prefixform.c; sourceTree = "<group>"; };
		7FAB23EF271D0293007ED5D2 /* quotient.c */ = {isa = PBXFileReference; fileEncoding = 4; lastKnownFileType = sourcecode.c.c; path = quotient.c; sourceTree = "<group>"; };
		7FAB23F0271D0293007ED5D2 /* transpose.c */ = {isa = PBXFileReference; fileEncoding = 4; lastKnownFileType = sourcecode.c.c; path = transpose.c; sourceTree = "<group>"; };
		7FAB23F1271D0293007ED5D2 /* tensor.c */ = {isa = PBXFileReference; fileEncoding = 4; lastKnownFileType = sourcecode.c.c; path = tensor.c; sourceTree = "<group>"; };
		7FAB23F2271D0293007ED5D2 /* numerator.c */ = {isa = PBXFileReference; fileEncoding = 4; lastKnownFileType = sourcecode.c.c; path = numerator.c; sourceTree = "<group>"; };
		7FAB23F3271D0293007ED5D2 /* power_minusone.c */ = {isa = PBXFileReference; fileEncoding = 4; lastKnownFileType = sourcecode.c.c; path = power_minusone.c; sourceTree = "<group>"; };
		7FAB23F4271D0293007ED5D2 /* bignum.c */ = {isa = PBXFileReference; fileEncoding = 4; lastKnownFileType = sourcecode.c.c; path = bignum.c; sourceTree = "<group>"; };
		7FAB23F5271D0293007ED5D2 /* floor.c */ = {isa = PBXFileReference; fileEncoding = 4; lastKnownFileType = sourcecode.c.c; path = floor.c; sourceTree = "<group>"; };
		7FAB23F6271D0293007ED5D2 /* clock.c */ = {isa = PBXFileReference; fileEncoding = 4; lastKnownFileType = sourcecode.c.c; path = clock.c; sourceTree = "<group>"; };
		7FAB23F7271D0293007ED5D2 /* arctan.c */ = {isa = PBXFileReference; fileEncoding = 4; lastKnownFileType = sourcecode.c.c; path = arctan.c; sourceTree = "<group>"; };
		7FAB23F8271D0293007ED5D2 /* filter.c */ = {isa = PBXFileReference; fileEncoding = 4; lastKnownFileType = sourcecode.c.c; path = filter.c; sourceTree = "<group>"; };
		7FAB23F9271D0293007ED5D2 /* nroots.c */ = {isa = PBXFileReference; fileEncoding = 4; lastKnownFileType = sourcecode.c.c; path = nroots.c; sourceTree = "<group>"; };
		7FAB23FB271D0293007ED5D2 /* setq.c */ = {isa = PBXFileReference; fileEncoding = 4; lastKnownFileType = sourcecode.c.c; path = setq.c; sourceTree = "<group>"; };
		7FAB23FD271D0293007ED5D2 /* core.c */ = {isa = PBXFileReference; fileEncoding = 4; lastKnownFileType = sourcecode.c.c; path = core.c; sourceTree = "<group>"; };
		7FAB23FE271D0293007ED5D2 /* prototypes.h */ = {isa = PBXFileReference; fileEncoding = 4; lastKnownFileType = sourcecode.c.h; path = prototypes.h; sourceTree = "<group>"; };
		7FAB23FF271D0293007ED5D2 /* power.c */ = {isa = PBXFileReference; fileEncoding = 4; lastKnownFileType = sourcecode.c.c; path = power.c; sourceTree = "<group>"; };
		7FAB2400271D0293007ED5D2 /* ceiling.c */ = {isa = PBXFileReference; fileEncoding = 4; lastKnownFileType = sourcecode.c.c; path = ceiling.c; sourceTree = "<group>"; };
		7FAB2403271D0293007ED5D2 /* index.c */ = {isa = PBXFileReference; fileEncoding = 4; lastKnownFileType = sourcecode.c.c; path = index.c; sourceTree = "<group>"; };
		7FAB2404271D0293007ED5D2 /* infixform.c */ = {isa = PBXFileReference; fileEncoding = 4; lastKnownFileType = sourcecode.c.c; path = infixform.c; sourceTree = "<group>"; };
		7FAB2406271D0293007ED5D2 /* power_complex_number.c */ = {isa = PBXFileReference; fileEncoding = 4; lastKnownFileType = sourcecode.c.c; path = power_complex_number.c; sourceTree = "<group>"; };
		7FAB2408271D0293007ED5D2 /* factorial.c */ = {isa = PBXFileReference; fileEncoding = 4; lastKnownFileType = sourcecode.c.c; path = factorial.c; sourceTree = "<group>"; };
		7FAB2409271D0293007ED5D2 /* derivative.c */ = {isa = PBXFileReference; fileEncoding = 4; lastKnownFileType = sourcecode.c.c; path = derivative.c; sourceTree = "<group>"; };
		7FAB240A271D0293007ED5D2 /* arccosh.c */ = {isa = PBXFileReference; fileEncoding = 4; lastKnownFileType = sourcecode.c.c; path = arccosh.c; sourceTree = "<group>"; };
		7FAB240B271D0293007ED5D2 /* arctanh.c */ = {isa = PBXFileReference; fileEncoding = 4; lastKnownFileType = sourcecode.c.c; path = arctanh.c; sourceTree = "<group>"; };
		7FAB240C271D0293007ED5D2 /* for.c */ = {isa = PBXFileReference; fileEncoding = 4; lastKnownFileType = sourcecode.c.c; path = for.c; sourceTree = "<group>"; };
		7FAB240D271D0293007ED5D2 /* equal.c */ = {isa = PBXFileReference; fileEncoding = 4; lastKnownFileType = sourcecode.c.c; path = equal.c; sourceTree = "<group>"; };
		7FAB240E271D0293007ED5D2 /* symbol.c */ = {isa = PBXFileReference; fileEncoding = 4; lastKnownFileType = sourcecode.c.c; path = symbol.c; sourceTree = "<group>"; };
		7FAB2410271D0293007ED5D2 /* mathml.c */ = {isa = PBXFileReference; fileEncoding = 4; lastKnownFileType = sourcecode.c.c; path = mathml.c; sourceTree = "<group>"; };
		7FAB2411271D0293007ED5D2 /* product.c */ = {isa = PBXFileReference; fileEncoding = 4; lastKnownFileType = sourcecode.c.c; path = product.c; sourceTree = "<group>"; };
		7FAB2412271D0293007ED5D2 /* float.c */ = {isa = PBXFileReference; fileEncoding = 4; lastKnownFileType = sourcecode.c.c; path = float.c; sourceTree = "<group>"; };
		7FAB2413271D0293007ED5D2 /* rationalize.c */ = {isa = PBXFileReference; fileEncoding = 4; lastKnownFileType = sourcecode.c.c; path = rationalize.c; sourceTree = "<group>"; };
		7FAB2414271D0293007ED5D2 /* arcsin.c */ = {isa = PBXFileReference; fileEncoding = 4; lastKnownFileType = sourcecode.c.c; path = arcsin.c; sourceTree = "<group>"; };
		7FAB2415271D0293007ED5D2 /* defint.c */ = {isa = PBXFileReference; fileEncoding = 4; lastKnownFileType = sourcecode.c.c; path = defint.c; sourceTree = "<group>"; };
		7FAB2416271D0293007ED5D2 /* test.c */ = {isa = PBXFileReference; fileEncoding = 4; lastKnownFileType = sourcecode.c.c; path = test.c; sourceTree = "<group>"; };
		7FAB2417271D0293007ED5D2 /* add.c */ = {isa = PBXFileReference; fileEncoding = 4; lastKnownFileType = sourcecode.c.c; path = add.c; sourceTree = "<group>"; };
		7FAB2418271D0293007ED5D2 /* noexpand.c */ = {isa = PBXFileReference; fileEncoding = 4; lastKnownFileType = sourcecode.c.c; path = noexpand.c; sourceTree = "<group>"; };
		7FAB2419271D0293007ED5D2 /* multiply.c */ = {isa = PBXFileReference; fileEncoding = 4; lastKnownFileType = sourcecode.c.c; path = multiply.c; sourceTree = "<group>"; };
		7FAB241A271D0293007ED5D2 /* primetab.c */ = {isa = PBXFileReference; fileEncoding = 4; lastKnownFileType = sourcecode.c.c; path = primetab.c; sourceTree = "<group>"; };
		7FAB241B271D0293007ED5D2 /* besselj.c */ = {isa = PBXFileReference; fileEncoding = 4; lastKnownFileType = sourcecode.c.c; path = besselj.c; sourceTree = "<group>"; };
		7FAB241C271D0293007ED5D2 /* arg.c */ = {isa = PBXFileReference; fileEncoding = 4; lastKnownFileType = sourcecode.c.c; path = arg.c; sourceTree = "<group>"; };
		7FAB241D271D0293007ED5D2 /* arccos.c */ = {isa = PBXFileReference; fileEncoding = 4; lastKnownFileType = sourcecode.c.c; path = arccos.c; sourceTree = "<group>"; };
		7FAB241E271D0293007ED5D2 /* mathjax.c */ = {isa = PBXFileReference; fileEncoding = 4; lastKnownFileType = sourcecode.c.c; path = mathjax.c; sourceTree = "<group>"; };
		7FAB241F271D0293007ED5D2 /* adj.c */ = {isa = PBXFileReference; fileEncoding = 4; lastKnownFileType = sourcecode.c.c; path = adj.c; sourceTree = "<group>"; };
		7FAB2420271D0293007ED5D2 /* tanh.c */ = {isa = PBXFileReference; fileEncoding = 4; lastKnownFileType = sourcecode.c.c; path = tanh.c; sourceTree = "<group>"; };
		7FAB2421271D0293007ED5D2 /* cosh.c */ = {isa = PBXFileReference; fileEncoding = 4; lastKnownFileType = sourcecode.c.c; path = cosh.c; sourceTree = "<group>"; };
		7FAB2423271D0293007ED5D2 /* globals.c */ = {isa = PBXFileReference; fileEncoding = 4; lastKnownFileType = sourcecode.c.c; path = globals.c; sourceTree = "<group>"; };
		7FAB2425271D0293007ED5D2 /* kronecker.c */ = {isa = PBXFileReference; fileEncoding = 4; lastKnownFileType = sourcecode.c.c; path = kronecker.c; sourceTree = "<group>"; };
		7FAB2426271D0293007ED5D2 /* real.c */ = {isa = PBXFileReference; fileEncoding = 4; lastKnownFileType = sourcecode.c.c; path = real.c; sourceTree = "<group>"; };
		7FAB2427271D0293007ED5D2 /* isprime.c */ = {isa = PBXFileReference; fileEncoding = 4; lastKnownFileType = sourcecode.c.c; path = isprime.c; sourceTree = "<group>"; };
		7FAB2428271D0293007ED5D2 /* abs.c */ = {isa = PBXFileReference; fileEncoding = 4; lastKnownFileType = sourcecode.c.c; path = abs.c; sourceTree = "<group>"; };
		7FAB2429271D0293007ED5D2 /* subst.c */ = {isa = PBXFileReference; fileEncoding = 4; lastKnownFileType = sourcecode.c.c; path = subst.c; sourceTree = "<group>"; };
		7FAB242A271D0293007ED5D2 /* tan.c */ = {isa = PBXFileReference; fileEncoding = 4; lastKnownFileType = sourcecode.c.c; path = tan.c; sourceTree = "<group>"; };
		7FAB24A2271D054B007ED5D2 /* EigenmathView.h */ = {isa = PBXFileReference; fileEncoding = 4; lastKnownFileType = sourcecode.c.h; path = EigenmathView.h; sourceTree = "<group>"; };
		7FAB24A3271D0556007ED5D2 /* EigenmathView.m */ = {isa = PBXFileReference; fileEncoding = 4; lastKnownFileType = sourcecode.c.objc; path = EigenmathView.m; sourceTree = "<group>"; };
		7FAE141A271D0FD4001234C6 /* display.c */ = {isa = PBXFileReference; fileEncoding = 4; lastKnownFileType = sourcecode.c.c; path = display.c; sourceTree = "<group>"; };
		7FAE141B271D0FD4001234C6 /* emit.c */ = {isa = PBXFileReference; fileEncoding = 4; lastKnownFileType = sourcecode.c.c; path = emit.c; sourceTree = "<group>"; };
		7FAE141C271D0FD4001234C6 /* app-prototypes.h */ = {isa = PBXFileReference; fileEncoding = 4; lastKnownFileType = sourcecode.c.h; path = "app-prototypes.h"; sourceTree = "<group>"; };
		7FAE141D271D0FD4001234C6 /* eval_draw.c */ = {isa = PBXFileReference; fileEncoding = 4; lastKnownFileType = sourcecode.c.c; path = eval_draw.c; sourceTree = "<group>"; };
		7FAE141E271D0FD4001234C6 /* atomic.c */ = {isa = PBXFileReference; fileEncoding = 4; lastKnownFileType = sourcecode.c.c; path = atomic.c; sourceTree = "<group>"; };
		7FAE141F271D0FD4001234C6 /* app.h */ = {isa = PBXFileReference; fileEncoding = 4; lastKnownFileType = sourcecode.c.h; path = app.h; sourceTree = "<group>"; };
		7FAE1420271D0FD4001234C6 /* shipout.c */ = {isa = PBXFileReference; fileEncoding = 4; lastKnownFileType = sourcecode.c.c; path = shipout.c; sourceTree = "<group>"; };
		7FAE1421271D0FD4001234C6 /* eval_nonstop.c */ = {isa = PBXFileReference; fileEncoding = 4; lastKnownFileType = sourcecode.c.c; path = eval_nonstop.c; sourceTree = "<group>"; };
		7FAE1422271D0FD4001234C6 /* printbuf.c */ = {isa = PBXFileReference; fileEncoding = 4; lastKnownFileType = sourcecode.c.c; path = printbuf.c; sourceTree = "<group>"; };
		7FAE1423271D0FD4001234C6 /* draw_selection_rect.c */ = {isa = PBXFileReference; fileEncoding = 4; lastKnownFileType = sourcecode.c.c; path = draw_selection_rect.c; sourceTree = "<group>"; };
		7FAE1424271D0FD4001234C6 /* draw_display.c */ = {isa = PBXFileReference; fileEncoding = 4; lastKnownFileType = sourcecode.c.c; path = draw_display.c; sourceTree = "<group>"; };
		7FAE1425271D0FD4001234C6 /* run_thread.c */ = {isa = PBXFileReference; fileEncoding = 4; lastKnownFileType = sourcecode.c.c; path = run_thread.c; sourceTree = "<group>"; };
		7FAE1426271D0FD4001234C6 /* app.c */ = {isa = PBXFileReference; fileEncoding = 4; lastKnownFileType = sourcecode.c.c; path = app.c; sourceTree = "<group>"; };
		7FAE1427271D0FD4001234C6 /* fontinfo.c */ = {isa = PBXFileReference; fileEncoding = 4; lastKnownFileType = sourcecode.c.c; path = fontinfo.c; sourceTree = "<group>"; };
		7FC9CC1428491F4B00808C60 /* taylor.c */ = {isa = PBXFileReference; fileEncoding = 4; lastKnownFileType = sourcecode.c.c; path = taylor.c; sourceTree = "<group>"; };
		7FF6B91B271DCAC20047F0A7 /* Base */ = {isa = PBXFileReference; lastKnownFileType = folder; name = Base; path = Base.lproj/Eigenmath.help; sourceTree = "<group>"; };
/* End PBXFileReference section */

/* Begin PBXFrameworksBuildPhase section */
		7F2C0606271CFF3300128330 /* Frameworks */ = {
			isa = PBXFrameworksBuildPhase;
			buildActionMask = 2147483647;
			files = (
			);
			runOnlyForDeploymentPostprocessing = 0;
		};
/* End PBXFrameworksBuildPhase section */

/* Begin PBXGroup section */
		7F2C0600271CFF3300128330 = {
			isa = PBXGroup;
			children = (
				7FAB23B9271D0293007ED5D2 /* src */,
				7F2C060B271CFF3300128330 /* Eigenmath */,
				7F2C060A271CFF3300128330 /* Products */,
			);
			sourceTree = "<group>";
		};
		7F2C060A271CFF3300128330 /* Products */ = {
			isa = PBXGroup;
			children = (
				7F2C0609271CFF3300128330 /* Eigenmath.app */,
			);
			name = Products;
			sourceTree = "<group>";
		};
		7F2C060B271CFF3300128330 /* Eigenmath */ = {
			isa = PBXGroup;
			children = (
				7FAE1419271D0FD4001234C6 /* C */,
				7F2C0617271CFF3F00128330 /* Eigenmath.entitlements */,
				7FF6B91A271DCAC20047F0A7 /* Eigenmath.help */,
				7F2C060C271CFF3300128330 /* EigenmathAppDelegate.h */,
				7F2C060D271CFF3300128330 /* EigenmathAppDelegate.m */,
				7FAB24A2271D054B007ED5D2 /* EigenmathView.h */,
				7FAB24A3271D0556007ED5D2 /* EigenmathView.m */,
				7F70C944271E015800691D3F /* Images.xcassets */,
				7F2C0614271CFF3F00128330 /* Info.plist */,
				7F2C0615271CFF3F00128330 /* main.m */,
				7F79615B27405F4E00211A54 /* MainMenu.xib */,
			);
			path = Eigenmath;
			sourceTree = "<group>";
		};
		7FAB23B9271D0293007ED5D2 /* src */ = {
			isa = PBXGroup;
			children = (
				7FC9CC1428491F4B00808C60 /* taylor.c */,
				7FAB2428271D0293007ED5D2 /* abs.c */,
				7FAB2417271D0293007ED5D2 /* add.c */,
				7FAB241F271D0293007ED5D2 /* adj.c */,
				7FAB241D271D0293007ED5D2 /* arccos.c */,
				7FAB240A271D0293007ED5D2 /* arccosh.c */,
				7FAB2414271D0293007ED5D2 /* arcsin.c */,
				7FAB23BB271D0293007ED5D2 /* arcsinh.c */,
				7FAB23F7271D0293007ED5D2 /* arctan.c */,
				7FAB240B271D0293007ED5D2 /* arctanh.c */,
				7FAB241C271D0293007ED5D2 /* arg.c */,
				7FAB23BD271D0293007ED5D2 /* atomize.c */,
				7FAB241B271D0293007ED5D2 /* besselj.c */,
				7FAB23D3271D0293007ED5D2 /* bessely.c */,
				7FAB23F4271D0293007ED5D2 /* bignum.c */,
				7FAB2400271D0293007ED5D2 /* ceiling.c */,
				7FAB23CE271D0293007ED5D2 /* circexp.c */,
				7FAB23F6271D0293007ED5D2 /* clock.c */,
				7FAB23C9271D0293007ED5D2 /* coeff.c */,
				7FAB23DE271D0293007ED5D2 /* cofactor.c */,
				7FAB23DA271D0293007ED5D2 /* conj.c */,
				7FAB23E5271D0293007ED5D2 /* contract.c */,
				7FAB23FD271D0293007ED5D2 /* core.c */,
				7FAB23E4271D0293007ED5D2 /* cos.c */,
				7FAB2421271D0293007ED5D2 /* cosh.c */,
				7FAB2415271D0293007ED5D2 /* defint.c */,
				7FAB23C5271D0293007ED5D2 /* defs.h */,
				7FAB23DC271D0293007ED5D2 /* defs1.h */,
				7FAB23EC271D0293007ED5D2 /* denominator.c */,
				7FAB2409271D0293007ED5D2 /* derivative.c */,
				7FAB23E9271D0293007ED5D2 /* det.c */,
				7FAB23C8271D0293007ED5D2 /* eigen.c */,
				7FAB240D271D0293007ED5D2 /* equal.c */,
				7FAB23CD271D0293007ED5D2 /* erf.c */,
				7FAB23C7271D0293007ED5D2 /* erfc.c */,
				7FAB23BE271D0293007ED5D2 /* eval.c */,
				7FAB23E6271D0293007ED5D2 /* exp.c */,
				7FAB23D1271D0293007ED5D2 /* expcos.c */,
				7FAB23CA271D0293007ED5D2 /* expsin.c */,
				7FAB23C3271D0293007ED5D2 /* factor.c */,
				7FAB2408271D0293007ED5D2 /* factorial.c */,
				7FAB23EA271D0293007ED5D2 /* factors.c */,
				7FAB23F8271D0293007ED5D2 /* filter.c */,
				7FAB2412271D0293007ED5D2 /* float.c */,
				7FAB23F5271D0293007ED5D2 /* floor.c */,
				7FAB240C271D0293007ED5D2 /* for.c */,
				7FAB2423271D0293007ED5D2 /* globals.c */,
				7FAB23D5271D0293007ED5D2 /* hadamard.c */,
				7FAB23CC271D0293007ED5D2 /* imag.c */,
				7FAB2403271D0293007ED5D2 /* index.c */,
				7FAB2404271D0293007ED5D2 /* infixform.c */,
				7FAB23DB271D0293007ED5D2 /* inner.c */,
				7FAB23DF271D0293007ED5D2 /* integral.c */,
				7FAB23EB271D0293007ED5D2 /* inv.c */,
				7FAB2427271D0293007ED5D2 /* isprime.c */,
				7FAB2425271D0293007ED5D2 /* kronecker.c */,
				7FAB23CF271D0293007ED5D2 /* latex.c */,
				7FAB23BA271D0293007ED5D2 /* log.c */,
				7FAB23E7271D0293007ED5D2 /* mag.c */,
				7FAB241E271D0293007ED5D2 /* mathjax.c */,
				7FAB2410271D0293007ED5D2 /* mathml.c */,
				7FAB23E2271D0293007ED5D2 /* minor.c */,
				7FAB23D6271D0293007ED5D2 /* mod.c */,
				7FAB2419271D0293007ED5D2 /* multiply.c */,
				7FAB2418271D0293007ED5D2 /* noexpand.c */,
				7FAB23F9271D0293007ED5D2 /* nroots.c */,
				7FAB23F2271D0293007ED5D2 /* numerator.c */,
				7FAB23DD271D0293007ED5D2 /* outer.c */,
				7FAB23ED271D0293007ED5D2 /* polar.c */,
				7FAB2406271D0293007ED5D2 /* power_complex_number.c */,
				7FAB23F3271D0293007ED5D2 /* power_minusone.c */,
				7FAB23BC271D0293007ED5D2 /* power_natural_number.c */,
				7FAB23D4271D0293007ED5D2 /* power_numbers.c */,
				7FAB23FF271D0293007ED5D2 /* power.c */,
				7FAB23EE271D0293007ED5D2 /* prefixform.c */,
				7FAB241A271D0293007ED5D2 /* primetab.c */,
				7FAB23CB271D0293007ED5D2 /* print.c */,
				7FAB2411271D0293007ED5D2 /* product.c */,
				7FAB23FE271D0293007ED5D2 /* prototypes.h */,
				7FAB23EF271D0293007ED5D2 /* quotient.c */,
				7FAB2413271D0293007ED5D2 /* rationalize.c */,
				7FAB2426271D0293007ED5D2 /* real.c */,
				7FAB23BF271D0293007ED5D2 /* rect.c */,
				7FAB23C4271D0293007ED5D2 /* roots.c */,
				7FAB23D0271D0293007ED5D2 /* rotate.c */,
				7FAB23E3271D0293007ED5D2 /* run.c */,
				7FAB23E8271D0293007ED5D2 /* scan.c */,
				7FAB23FB271D0293007ED5D2 /* setq.c */,
				7FAB23C1271D0293007ED5D2 /* sgn.c */,
				7FAB23E1271D0293007ED5D2 /* simplify.c */,
				7FAB23D8271D0293007ED5D2 /* sin.c */,
				7FAB23D7271D0293007ED5D2 /* sinh.c */,
				7FAB23D2271D0293007ED5D2 /* stack.c */,
				7FAB2429271D0293007ED5D2 /* subst.c */,
				7FAB23C0271D0293007ED5D2 /* sum.c */,
				7FAB240E271D0293007ED5D2 /* symbol.c */,
				7FAB242A271D0293007ED5D2 /* tan.c */,
				7FAB2420271D0293007ED5D2 /* tanh.c */,
				7FAB23F1271D0293007ED5D2 /* tensor.c */,
				7FAB2416271D0293007ED5D2 /* test.c */,
				7FAB23F0271D0293007ED5D2 /* transpose.c */,
				7FAB23E0271D0293007ED5D2 /* userfunc.c */,
			);
			name = src;
			path = ../src;
			sourceTree = "<group>";
		};
		7FAE1419271D0FD4001234C6 /* C */ = {
			isa = PBXGroup;
			children = (
				7FAE141C271D0FD4001234C6 /* app-prototypes.h */,
				7FAE1426271D0FD4001234C6 /* app.c */,
				7FAE141F271D0FD4001234C6 /* app.h */,
				7FAE141E271D0FD4001234C6 /* atomic.c */,
				7FAE141A271D0FD4001234C6 /* display.c */,
				7FAE1424271D0FD4001234C6 /* draw_display.c */,
				7FAE1423271D0FD4001234C6 /* draw_selection_rect.c */,
				7FAE141B271D0FD4001234C6 /* emit.c */,
				7FAE141D271D0FD4001234C6 /* eval_draw.c */,
				7FAE1421271D0FD4001234C6 /* eval_nonstop.c */,
				7FAE1427271D0FD4001234C6 /* fontinfo.c */,
				7F261861274ACDDE00F8B109 /* history.c */,
				7FAE1422271D0FD4001234C6 /* printbuf.c */,
				7FAE1425271D0FD4001234C6 /* run_thread.c */,
				7FAE1420271D0FD4001234C6 /* shipout.c */,
			);
			path = C;
			sourceTree = "<group>";
		};
/* End PBXGroup section */

/* Begin PBXNativeTarget section */
		7F2C0608271CFF3300128330 /* Eigenmath */ = {
			isa = PBXNativeTarget;
			buildConfigurationList = 7F2C061A271CFF3F00128330 /* Build configuration list for PBXNativeTarget "Eigenmath" */;
			buildPhases = (
				7F2C0605271CFF3300128330 /* Sources */,
				7F2C0606271CFF3300128330 /* Frameworks */,
				7F2C0607271CFF3300128330 /* Resources */,
			);
			buildRules = (
			);
			dependencies = (
			);
			name = Eigenmath;
			productName = eigenmath;
			productReference = 7F2C0609271CFF3300128330 /* Eigenmath.app */;
			productType = "com.apple.product-type.application";
		};
/* End PBXNativeTarget section */

/* Begin PBXProject section */
		7F2C0601271CFF3300128330 /* Project object */ = {
			isa = PBXProject;
			attributes = {
				LastUpgradeCheck = 1240;
				TargetAttributes = {
					7F2C0608271CFF3300128330 = {
						CreatedOnToolsVersion = 12.4;
						ProvisioningStyle = Automatic;
					};
				};
			};
			buildConfigurationList = 7F2C0604271CFF3300128330 /* Build configuration list for PBXProject "Eigenmath" */;
			compatibilityVersion = "Xcode 8.0";
			developmentRegion = en;
			hasScannedForEncodings = 0;
			knownRegions = (
				en,
				Base,
				English,
			);
			mainGroup = 7F2C0600271CFF3300128330;
			productRefGroup = 7F2C060A271CFF3300128330 /* Products */;
			projectDirPath = "";
			projectRoot = "";
			targets = (
				7F2C0608271CFF3300128330 /* Eigenmath */,
			);
		};
/* End PBXProject section */

/* Begin PBXResourcesBuildPhase section */
		7F2C0607271CFF3300128330 /* Resources */ = {
			isa = PBXResourcesBuildPhase;
			buildActionMask = 2147483647;
			files = (
				7F70C945271E015800691D3F /* Images.xcassets in Resources */,
				7FF6B91C271DCAC20047F0A7 /* Eigenmath.help in Resources */,
				7F79615D27405F4E00211A54 /* MainMenu.xib in Resources */,
			);
			runOnlyForDeploymentPostprocessing = 0;
		};
/* End PBXResourcesBuildPhase section */

/* Begin PBXSourcesBuildPhase section */
		7F2C0605271CFF3300128330 /* Sources */ = {
			isa = PBXSourcesBuildPhase;
			buildActionMask = 2147483647;
			files = (
				7FAB246C271D0293007ED5D2 /* core.c in Sources */,
				7FAB246A271D0293007ED5D2 /* setq.c in Sources */,
				7FAB2478271D0294007ED5D2 /* arccosh.c in Sources */,
				7FAB2460271D0293007ED5D2 /* tensor.c in Sources */,
				7FAB245B271D0293007ED5D2 /* denominator.c in Sources */,
				7FAB248B271D0294007ED5D2 /* arccos.c in Sources */,
				7FAE1429271D0FD4001234C6 /* emit.c in Sources */,
				7FAB2462271D0293007ED5D2 /* power_minusone.c in Sources */,
				7FAB2454271D0293007ED5D2 /* contract.c in Sources */,
				7FAB2461271D0293007ED5D2 /* numerator.c in Sources */,
				7FAB2448271D0293007ED5D2 /* sin.c in Sources */,
				7FAE142D271D0FD4001234C6 /* eval_nonstop.c in Sources */,
				7FAE142E271D0FD4001234C6 /* printbuf.c in Sources */,
				7FAB245D271D0293007ED5D2 /* prefixform.c in Sources */,
				7FAB243D271D0293007ED5D2 /* erf.c in Sources */,
				7FAB2482271D0294007ED5D2 /* arcsin.c in Sources */,
				7FAB243A271D0293007ED5D2 /* expsin.c in Sources */,
				7FAB244B271D0293007ED5D2 /* inner.c in Sources */,
				7FAB247A271D0294007ED5D2 /* for.c in Sources */,
				7FAB2451271D0293007ED5D2 /* minor.c in Sources */,
				7FAB245A271D0293007ED5D2 /* inv.c in Sources */,
				7FAB243B271D0293007ED5D2 /* print.c in Sources */,
				7FAB244A271D0293007ED5D2 /* conj.c in Sources */,
				7FAB24A4271D0556007ED5D2 /* EigenmathView.m in Sources */,
				7FAB2457271D0293007ED5D2 /* scan.c in Sources */,
				7FAB2445271D0293007ED5D2 /* hadamard.c in Sources */,
				7FAB2432271D0293007ED5D2 /* sgn.c in Sources */,
				7FAB2493271D0294007ED5D2 /* kronecker.c in Sources */,
				7FAB246E271D0293007ED5D2 /* ceiling.c in Sources */,
				7FAB2476271D0294007ED5D2 /* factorial.c in Sources */,
				7FAB2463271D0293007ED5D2 /* bignum.c in Sources */,
				7FAB242C271D0293007ED5D2 /* arcsinh.c in Sources */,
				7FAB2431271D0293007ED5D2 /* sum.c in Sources */,
				7FAB2495271D0294007ED5D2 /* isprime.c in Sources */,
				7FAB2498271D0294007ED5D2 /* tan.c in Sources */,
				7FAB2474271D0293007ED5D2 /* power_complex_number.c in Sources */,
				7FAE1430271D0FD4001234C6 /* draw_display.c in Sources */,
				7FAB2452271D0293007ED5D2 /* run.c in Sources */,
				7FAB248D271D0294007ED5D2 /* adj.c in Sources */,
				7F2C0616271CFF3F00128330 /* main.m in Sources */,
				7FAB2471271D0293007ED5D2 /* index.c in Sources */,
				7FAB248A271D0294007ED5D2 /* arg.c in Sources */,
				7F261862274ACDDE00F8B109 /* history.c in Sources */,
				7FAB243E271D0293007ED5D2 /* circexp.c in Sources */,
				7FAB2494271D0294007ED5D2 /* real.c in Sources */,
				7FAB245F271D0293007ED5D2 /* transpose.c in Sources */,
				7FAB2430271D0293007ED5D2 /* rect.c in Sources */,
				7FAB2434271D0293007ED5D2 /* factor.c in Sources */,
				7FAB2488271D0294007ED5D2 /* primetab.c in Sources */,
				7FC9CC1528491F4B00808C60 /* taylor.c in Sources */,
				7FAB2472271D0293007ED5D2 /* infixform.c in Sources */,
				7FAB2455271D0293007ED5D2 /* exp.c in Sources */,
				7FAB244E271D0293007ED5D2 /* integral.c in Sources */,
				7FAB2497271D0294007ED5D2 /* subst.c in Sources */,
				7FAB2496271D0294007ED5D2 /* abs.c in Sources */,
				7FAB2459271D0293007ED5D2 /* factors.c in Sources */,
				7FAB2484271D0294007ED5D2 /* test.c in Sources */,
				7FAB2491271D0294007ED5D2 /* globals.c in Sources */,
				7FAB248F271D0294007ED5D2 /* cosh.c in Sources */,
				7FAB2444271D0293007ED5D2 /* power_numbers.c in Sources */,
				7FAB2486271D0294007ED5D2 /* noexpand.c in Sources */,
				7FAB2441271D0293007ED5D2 /* expcos.c in Sources */,
				7FAE1433271D0FD4001234C6 /* fontinfo.c in Sources */,
				7FAB2443271D0293007ED5D2 /* bessely.c in Sources */,
				7FAB2481271D0294007ED5D2 /* rationalize.c in Sources */,
				7FAE1428271D0FD4001234C6 /* display.c in Sources */,
				7FAB2477271D0294007ED5D2 /* derivative.c in Sources */,
				7FAB245E271D0293007ED5D2 /* quotient.c in Sources */,
				7FAB2464271D0293007ED5D2 /* floor.c in Sources */,
				7FAB2456271D0293007ED5D2 /* mag.c in Sources */,
				7FAE142F271D0FD4001234C6 /* draw_selection_rect.c in Sources */,
				7FAB2487271D0294007ED5D2 /* multiply.c in Sources */,
				7FAB242F271D0293007ED5D2 /* eval.c in Sources */,
				7FAB2446271D0293007ED5D2 /* mod.c in Sources */,
				7FAB2465271D0293007ED5D2 /* clock.c in Sources */,
				7FAB2435271D0293007ED5D2 /* roots.c in Sources */,
				7FAB248C271D0294007ED5D2 /* mathjax.c in Sources */,
				7FAB247B271D0294007ED5D2 /* equal.c in Sources */,
				7FAB246D271D0293007ED5D2 /* power.c in Sources */,
				7FAB2458271D0293007ED5D2 /* det.c in Sources */,
				7FAB243C271D0293007ED5D2 /* imag.c in Sources */,
				7FAB2438271D0293007ED5D2 /* eigen.c in Sources */,
				7FAE142A271D0FD4001234C6 /* eval_draw.c in Sources */,
				7FAE142C271D0FD4001234C6 /* shipout.c in Sources */,
				7FAB247C271D0294007ED5D2 /* symbol.c in Sources */,
				7FAB2450271D0293007ED5D2 /* simplify.c in Sources */,
				7FAB247E271D0294007ED5D2 /* mathml.c in Sources */,
				7FAB242E271D0293007ED5D2 /* atomize.c in Sources */,
				7FAB247F271D0294007ED5D2 /* product.c in Sources */,
				7FAB2442271D0293007ED5D2 /* stack.c in Sources */,
				7FAB248E271D0294007ED5D2 /* tanh.c in Sources */,
				7FAB2479271D0294007ED5D2 /* arctanh.c in Sources */,
				7FAB242D271D0293007ED5D2 /* power_natural_number.c in Sources */,
				7FAB242B271D0293007ED5D2 /* log.c in Sources */,
				7FAE1431271D0FD4001234C6 /* run_thread.c in Sources */,
				7FAB244C271D0293007ED5D2 /* outer.c in Sources */,
				7FAB2453271D0293007ED5D2 /* cos.c in Sources */,
				7FAB2466271D0293007ED5D2 /* arctan.c in Sources */,
				7FAB2489271D0294007ED5D2 /* besselj.c in Sources */,
				7FAB245C271D0293007ED5D2 /* polar.c in Sources */,
				7FAB2437271D0293007ED5D2 /* erfc.c in Sources */,
				7FAB2483271D0294007ED5D2 /* defint.c in Sources */,
				7F2C060E271CFF3300128330 /* EigenmathAppDelegate.m in Sources */,
				7FAB244F271D0293007ED5D2 /* userfunc.c in Sources */,
				7FAB244D271D0293007ED5D2 /* cofactor.c in Sources */,
				7FAB2480271D0294007ED5D2 /* float.c in Sources */,
				7FAE1432271D0FD4001234C6 /* app.c in Sources */,
				7FAB2447271D0293007ED5D2 /* sinh.c in Sources */,
				7FAE142B271D0FD4001234C6 /* atomic.c in Sources */,
				7FAB2468271D0293007ED5D2 /* nroots.c in Sources */,
				7FAB2440271D0293007ED5D2 /* rotate.c in Sources */,
				7FAB2439271D0293007ED5D2 /* coeff.c in Sources */,
				7FAB2467271D0293007ED5D2 /* filter.c in Sources */,
				7FAB243F271D0293007ED5D2 /* latex.c in Sources */,
				7FAB2485271D0294007ED5D2 /* add.c in Sources */,
			);
			runOnlyForDeploymentPostprocessing = 0;
		};
/* End PBXSourcesBuildPhase section */

/* Begin PBXVariantGroup section */
		7F79615B27405F4E00211A54 /* MainMenu.xib */ = {
			isa = PBXVariantGroup;
			children = (
				7F79615C27405F4E00211A54 /* Base */,
			);
			name = MainMenu.xib;
			sourceTree = "<group>";
		};
		7FF6B91A271DCAC20047F0A7 /* Eigenmath.help */ = {
			isa = PBXVariantGroup;
			children = (
				7FF6B91B271DCAC20047F0A7 /* Base */,
			);
			name = Eigenmath.help;
			sourceTree = "<group>";
		};
/* End PBXVariantGroup section */

/* Begin XCBuildConfiguration section */
		7F2C0618271CFF3F00128330 /* Debug */ = {
			isa = XCBuildConfiguration;
			buildSettings = {
				ALWAYS_SEARCH_USER_PATHS = NO;
				CLANG_ANALYZER_NONNULL = YES;
				CLANG_ANALYZER_NUMBER_OBJECT_CONVERSION = YES_AGGRESSIVE;
				CLANG_CXX_LANGUAGE_STANDARD = "gnu++14";
				CLANG_CXX_LIBRARY = "libc++";
				CLANG_ENABLE_MODULES = YES;
				CLANG_ENABLE_OBJC_ARC = YES;
				CLANG_ENABLE_OBJC_WEAK = YES;
				CLANG_WARN_BLOCK_CAPTURE_AUTORELEASING = YES;
				CLANG_WARN_BOOL_CONVERSION = YES;
				CLANG_WARN_COMMA = YES;
				CLANG_WARN_CONSTANT_CONVERSION = YES;
				CLANG_WARN_DEPRECATED_OBJC_IMPLEMENTATIONS = YES;
				CLANG_WARN_DIRECT_OBJC_ISA_USAGE = YES_ERROR;
				CLANG_WARN_DOCUMENTATION_COMMENTS = YES;
				CLANG_WARN_EMPTY_BODY = YES;
				CLANG_WARN_ENUM_CONVERSION = YES;
				CLANG_WARN_INFINITE_RECURSION = YES;
				CLANG_WARN_INT_CONVERSION = YES;
				CLANG_WARN_NON_LITERAL_NULL_CONVERSION = YES;
				CLANG_WARN_OBJC_IMPLICIT_RETAIN_SELF = YES;
				CLANG_WARN_OBJC_LITERAL_CONVERSION = YES;
				CLANG_WARN_OBJC_ROOT_CLASS = YES_ERROR;
				CLANG_WARN_QUOTED_INCLUDE_IN_FRAMEWORK_HEADER = YES;
				CLANG_WARN_RANGE_LOOP_ANALYSIS = YES;
				CLANG_WARN_STRICT_PROTOTYPES = YES;
				CLANG_WARN_SUSPICIOUS_MOVE = YES;
				CLANG_WARN_UNGUARDED_AVAILABILITY = YES_AGGRESSIVE;
				CLANG_WARN_UNREACHABLE_CODE = YES;
				CLANG_WARN__DUPLICATE_METHOD_MATCH = YES;
				COPY_PHASE_STRIP = NO;
				DEBUG_INFORMATION_FORMAT = dwarf;
				ENABLE_HARDENED_RUNTIME = YES;
				ENABLE_STRICT_OBJC_MSGSEND = YES;
				ENABLE_TESTABILITY = YES;
				GCC_C_LANGUAGE_STANDARD = gnu11;
				GCC_DYNAMIC_NO_PIC = NO;
				GCC_NO_COMMON_BLOCKS = YES;
				GCC_OPTIMIZATION_LEVEL = 0;
				GCC_PREPROCESSOR_DEFINITIONS = (
					"DEBUG=1",
					"$(inherited)",
				);
				GCC_WARN_64_TO_32_BIT_CONVERSION = YES;
				GCC_WARN_ABOUT_RETURN_TYPE = YES_ERROR;
				GCC_WARN_UNDECLARED_SELECTOR = YES;
				GCC_WARN_UNINITIALIZED_AUTOS = YES_AGGRESSIVE;
				GCC_WARN_UNUSED_FUNCTION = YES;
				GCC_WARN_UNUSED_VARIABLE = YES;
				MACOSX_DEPLOYMENT_TARGET = 10.10;
				MTL_ENABLE_DEBUG_INFO = INCLUDE_SOURCE;
				MTL_FAST_MATH = YES;
				ONLY_ACTIVE_ARCH = YES;
				SDKROOT = macosx;
			};
			name = Debug;
		};
		7F2C0619271CFF3F00128330 /* Release */ = {
			isa = XCBuildConfiguration;
			buildSettings = {
				ALWAYS_SEARCH_USER_PATHS = NO;
				CLANG_ANALYZER_NONNULL = YES;
				CLANG_ANALYZER_NUMBER_OBJECT_CONVERSION = YES_AGGRESSIVE;
				CLANG_CXX_LANGUAGE_STANDARD = "gnu++14";
				CLANG_CXX_LIBRARY = "libc++";
				CLANG_ENABLE_MODULES = YES;
				CLANG_ENABLE_OBJC_ARC = YES;
				CLANG_ENABLE_OBJC_WEAK = YES;
				CLANG_WARN_BLOCK_CAPTURE_AUTORELEASING = YES;
				CLANG_WARN_BOOL_CONVERSION = YES;
				CLANG_WARN_COMMA = YES;
				CLANG_WARN_CONSTANT_CONVERSION = YES;
				CLANG_WARN_DEPRECATED_OBJC_IMPLEMENTATIONS = YES;
				CLANG_WARN_DIRECT_OBJC_ISA_USAGE = YES_ERROR;
				CLANG_WARN_DOCUMENTATION_COMMENTS = YES;
				CLANG_WARN_EMPTY_BODY = YES;
				CLANG_WARN_ENUM_CONVERSION = YES;
				CLANG_WARN_INFINITE_RECURSION = YES;
				CLANG_WARN_INT_CONVERSION = YES;
				CLANG_WARN_NON_LITERAL_NULL_CONVERSION = YES;
				CLANG_WARN_OBJC_IMPLICIT_RETAIN_SELF = YES;
				CLANG_WARN_OBJC_LITERAL_CONVERSION = YES;
				CLANG_WARN_OBJC_ROOT_CLASS = YES_ERROR;
				CLANG_WARN_QUOTED_INCLUDE_IN_FRAMEWORK_HEADER = YES;
				CLANG_WARN_RANGE_LOOP_ANALYSIS = YES;
				CLANG_WARN_STRICT_PROTOTYPES = YES;
				CLANG_WARN_SUSPICIOUS_MOVE = YES;
				CLANG_WARN_UNGUARDED_AVAILABILITY = YES_AGGRESSIVE;
				CLANG_WARN_UNREACHABLE_CODE = YES;
				CLANG_WARN__DUPLICATE_METHOD_MATCH = YES;
				COPY_PHASE_STRIP = NO;
				DEBUG_INFORMATION_FORMAT = "dwarf-with-dsym";
				ENABLE_HARDENED_RUNTIME = YES;
				ENABLE_NS_ASSERTIONS = NO;
				ENABLE_STRICT_OBJC_MSGSEND = YES;
				GCC_C_LANGUAGE_STANDARD = gnu11;
				GCC_NO_COMMON_BLOCKS = YES;
				GCC_OPTIMIZATION_LEVEL = 0;
				GCC_WARN_64_TO_32_BIT_CONVERSION = YES;
				GCC_WARN_ABOUT_RETURN_TYPE = YES_ERROR;
				GCC_WARN_UNDECLARED_SELECTOR = YES;
				GCC_WARN_UNINITIALIZED_AUTOS = YES_AGGRESSIVE;
				GCC_WARN_UNUSED_FUNCTION = YES;
				GCC_WARN_UNUSED_VARIABLE = YES;
				MACOSX_DEPLOYMENT_TARGET = 10.10;
				MTL_ENABLE_DEBUG_INFO = NO;
				MTL_FAST_MATH = YES;
				SDKROOT = macosx;
			};
			name = Release;
		};
		7F2C061B271CFF3F00128330 /* Debug */ = {
			isa = XCBuildConfiguration;
			buildSettings = {
				ASSETCATALOG_COMPILER_APPICON_NAME = AppIcon;
				ASSETCATALOG_COMPILER_GLOBAL_ACCENT_COLOR_NAME = AccentColor;
				CODE_SIGN_ENTITLEMENTS = eigenmath/eigenmath.entitlements;
				CODE_SIGN_IDENTITY = "Apple Development";
				CODE_SIGN_STYLE = Automatic;
				COMBINE_HIDPI_IMAGES = YES;
				CURRENT_PROJECT_VERSION = 266;
				DEVELOPMENT_TEAM = D273D35927;
				INFOPLIST_FILE = eigenmath/Info.plist;
				LD_RUNPATH_SEARCH_PATHS = "$(inherited) @executable_path/../Frameworks";
				MACOSX_DEPLOYMENT_TARGET = 10.10;
				MARKETING_VERSION = 2.66;
				PRODUCT_BUNDLE_IDENTIFIER = com.gweigt.eigenmath;
				PRODUCT_NAME = "$(TARGET_NAME)";
				PROVISIONING_PROFILE_SPECIFIER = "";
			};
			name = Debug;
		};
		7F2C061C271CFF3F00128330 /* Release */ = {
			isa = XCBuildConfiguration;
			buildSettings = {
				ASSETCATALOG_COMPILER_APPICON_NAME = AppIcon;
				ASSETCATALOG_COMPILER_GLOBAL_ACCENT_COLOR_NAME = AccentColor;
				CODE_SIGN_ENTITLEMENTS = eigenmath/eigenmath.entitlements;
				CODE_SIGN_IDENTITY = "Apple Development";
				CODE_SIGN_STYLE = Automatic;
				COMBINE_HIDPI_IMAGES = YES;
				CURRENT_PROJECT_VERSION = 266;
				DEVELOPMENT_TEAM = D273D35927;
				GCC_OPTIMIZATION_LEVEL = 0;
				INFOPLIST_FILE = eigenmath/Info.plist;
				LD_RUNPATH_SEARCH_PATHS = "$(inherited) @executable_path/../Frameworks";
				MACOSX_DEPLOYMENT_TARGET = 10.10;
				MARKETING_VERSION = 2.66;
				PRODUCT_BUNDLE_IDENTIFIER = com.gweigt.eigenmath;
				PRODUCT_NAME = "$(TARGET_NAME)";
				PROVISIONING_PROFILE_SPECIFIER = "";
			};
			name = Release;
		};
/* End XCBuildConfiguration section */

/* Begin XCConfigurationList section */
		7F2C0604271CFF3300128330 /* Build configuration list for PBXProject "Eigenmath" */ = {
			isa = XCConfigurationList;
			buildConfigurations = (
				7F2C0618271CFF3F00128330 /* Debug */,
				7F2C0619271CFF3F00128330 /* Release */,
			);
			defaultConfigurationIsVisible = 0;
			defaultConfigurationName = Release;
		};
		7F2C061A271CFF3F00128330 /* Build configuration list for PBXNativeTarget "Eigenmath" */ = {
			isa = XCConfigurationList;
			buildConfigurations = (
				7F2C061B271CFF3F00128330 /* Debug */,
				7F2C061C271CFF3F00128330 /* Release */,
			);
			defaultConfigurationIsVisible = 0;
			defaultConfigurationName = Release;
		};
/* End XCConfigurationList section */
	};
	rootObject = 7F2C0601271CFF3300128330 /* Project object */;
}
