// !$*UTF8*$!
{
	archiveVersion = 1;
	classes = {
	};
	objectVersion = 48;
	objects = {

/* Begin PBXBuildFile section */
		7F261862274ACDDE00F8B109 /* history.c in Sources */ = {isa = PBXBuildFile; fileRef = 7F261861274ACDDE00F8B109 /* history.c */; };
		7F2C060E271CFF3300128330 /* EigenmathAppDelegate.m in Sources */ = {isa = PBXBuildFile; fileRef = 7F2C060D271CFF3300128330 /* EigenmathAppDelegate.m */; };
		7F2C0616271CFF3F00128330 /* main.m in Sources */ = {isa = PBXBuildFile; fileRef = 7F2C0615271CFF3F00128330 /* main.m */; };
		7F70C945271E015800691D3F /* Images.xcassets in Resources */ = {isa = PBXBuildFile; fileRef = 7F70C944271E015800691D3F /* Images.xcassets */; };
		7F79615D27405F4E00211A54 /* MainMenu.xib in Resources */ = {isa = PBXBuildFile; fileRef = 7F79615B27405F4E00211A54 /* MainMenu.xib */; };
		7F7F97C5288AD00E007999F9 /* eigenmath.c in Sources */ = {isa = PBXBuildFile; fileRef = 7F7F97C4288AD00E007999F9 /* eigenmath.c */; };
		7FAB24A4271D0556007ED5D2 /* EigenmathView.m in Sources */ = {isa = PBXBuildFile; fileRef = 7FAB24A3271D0556007ED5D2 /* EigenmathView.m */; };
		7FAE1428271D0FD4001234C6 /* display.c in Sources */ = {isa = PBXBuildFile; fileRef = 7FAE141A271D0FD4001234C6 /* display.c */; };
		7FAE1429271D0FD4001234C6 /* emit.c in Sources */ = {isa = PBXBuildFile; fileRef = 7FAE141B271D0FD4001234C6 /* emit.c */; };
		7FAE142A271D0FD4001234C6 /* eval_draw.c in Sources */ = {isa = PBXBuildFile; fileRef = 7FAE141D271D0FD4001234C6 /* eval_draw.c */; };
		7FAE142B271D0FD4001234C6 /* atomic.c in Sources */ = {isa = PBXBuildFile; fileRef = 7FAE141E271D0FD4001234C6 /* atomic.c */; };
		7FAE142C271D0FD4001234C6 /* shipout.c in Sources */ = {isa = PBXBuildFile; fileRef = 7FAE1420271D0FD4001234C6 /* shipout.c */; };
		7FAE142D271D0FD4001234C6 /* eval_nonstop.c in Sources */ = {isa = PBXBuildFile; fileRef = 7FAE1421271D0FD4001234C6 /* eval_nonstop.c */; };
		7FAE142E271D0FD4001234C6 /* printbuf.c in Sources */ = {isa = PBXBuildFile; fileRef = 7FAE1422271D0FD4001234C6 /* printbuf.c */; };
		7FAE142F271D0FD4001234C6 /* draw_selection_rect.c in Sources */ = {isa = PBXBuildFile; fileRef = 7FAE1423271D0FD4001234C6 /* draw_selection_rect.c */; };
		7FAE1430271D0FD4001234C6 /* draw_display.c in Sources */ = {isa = PBXBuildFile; fileRef = 7FAE1424271D0FD4001234C6 /* draw_display.c */; };
		7FAE1431271D0FD4001234C6 /* run_thread.c in Sources */ = {isa = PBXBuildFile; fileRef = 7FAE1425271D0FD4001234C6 /* run_thread.c */; };
		7FAE1432271D0FD4001234C6 /* app.c in Sources */ = {isa = PBXBuildFile; fileRef = 7FAE1426271D0FD4001234C6 /* app.c */; };
		7FAE1433271D0FD4001234C6 /* fontinfo.c in Sources */ = {isa = PBXBuildFile; fileRef = 7FAE1427271D0FD4001234C6 /* fontinfo.c */; };
		7FF6B91C271DCAC20047F0A7 /* Eigenmath.help in Resources */ = {isa = PBXBuildFile; fileRef = 7FF6B91A271DCAC20047F0A7 /* Eigenmath.help */; };
/* End PBXBuildFile section */

/* Begin PBXFileReference section */
		7F261861274ACDDE00F8B109 /* history.c */ = {isa = PBXFileReference; fileEncoding = 4; lastKnownFileType = sourcecode.c.c; path = history.c; sourceTree = "<group>"; };
		7F2C0609271CFF3300128330 /* Eigenmath.app */ = {isa = PBXFileReference; explicitFileType = wrapper.application; includeInIndex = 0; path = Eigenmath.app; sourceTree = BUILT_PRODUCTS_DIR; };
		7F2C060C271CFF3300128330 /* EigenmathAppDelegate.h */ = {isa = PBXFileReference; lastKnownFileType = sourcecode.c.h; path = EigenmathAppDelegate.h; sourceTree = "<group>"; };
		7F2C060D271CFF3300128330 /* EigenmathAppDelegate.m */ = {isa = PBXFileReference; lastKnownFileType = sourcecode.c.objc; path = EigenmathAppDelegate.m; sourceTree = "<group>"; };
		7F2C0614271CFF3F00128330 /* Info.plist */ = {isa = PBXFileReference; lastKnownFileType = text.plist.xml; path = Info.plist; sourceTree = "<group>"; };
		7F2C0615271CFF3F00128330 /* main.m */ = {isa = PBXFileReference; lastKnownFileType = sourcecode.c.objc; path = main.m; sourceTree = "<group>"; };
		7F2C0617271CFF3F00128330 /* Eigenmath.entitlements */ = {isa = PBXFileReference; lastKnownFileType = text.plist.entitlements; path = Eigenmath.entitlements; sourceTree = "<group>"; };
		7F70C944271E015800691D3F /* Images.xcassets */ = {isa = PBXFileReference; lastKnownFileType = folder.assetcatalog; path = Images.xcassets; sourceTree = "<group>"; };
		7F79615C27405F4E00211A54 /* Base */ = {isa = PBXFileReference; lastKnownFileType = file.xib; name = Base; path = Base.lproj/MainMenu.xib; sourceTree = "<group>"; };
		7F7F97C4288AD00E007999F9 /* eigenmath.c */ = {isa = PBXFileReference; fileEncoding = 4; lastKnownFileType = sourcecode.c.c; path = eigenmath.c; sourceTree = "<group>"; };
		7F7F97C7288AD329007999F9 /* defs.h */ = {isa = PBXFileReference; fileEncoding = 4; lastKnownFileType = sourcecode.c.h; path = defs.h; sourceTree = "<group>"; };
		7F7F97C8288AD334007999F9 /* externs.h */ = {isa = PBXFileReference; fileEncoding = 4; lastKnownFileType = sourcecode.c.h; path = externs.h; sourceTree = "<group>"; };
		7F7F97C9288AD33E007999F9 /* prototypes.h */ = {isa = PBXFileReference; fileEncoding = 4; lastKnownFileType = sourcecode.c.h; path = prototypes.h; sourceTree = "<group>"; };
		7FAB24A2271D054B007ED5D2 /* EigenmathView.h */ = {isa = PBXFileReference; fileEncoding = 4; lastKnownFileType = sourcecode.c.h; path = EigenmathView.h; sourceTree = "<group>"; };
		7FAB24A3271D0556007ED5D2 /* EigenmathView.m */ = {isa = PBXFileReference; fileEncoding = 4; lastKnownFileType = sourcecode.c.objc; path = EigenmathView.m; sourceTree = "<group>"; };
		7FAE141A271D0FD4001234C6 /* display.c */ = {isa = PBXFileReference; fileEncoding = 4; lastKnownFileType = sourcecode.c.c; path = display.c; sourceTree = "<group>"; };
		7FAE141B271D0FD4001234C6 /* emit.c */ = {isa = PBXFileReference; fileEncoding = 4; lastKnownFileType = sourcecode.c.c; path = emit.c; sourceTree = "<group>"; };
		7FAE141D271D0FD4001234C6 /* eval_draw.c */ = {isa = PBXFileReference; fileEncoding = 4; lastKnownFileType = sourcecode.c.c; path = eval_draw.c; sourceTree = "<group>"; };
		7FAE141E271D0FD4001234C6 /* atomic.c */ = {isa = PBXFileReference; fileEncoding = 4; lastKnownFileType = sourcecode.c.c; path = atomic.c; sourceTree = "<group>"; };
		7FAE141F271D0FD4001234C6 /* app.h */ = {isa = PBXFileReference; fileEncoding = 4; lastKnownFileType = sourcecode.c.h; path = app.h; sourceTree = "<group>"; };
		7FAE1420271D0FD4001234C6 /* shipout.c */ = {isa = PBXFileReference; fileEncoding = 4; lastKnownFileType = sourcecode.c.c; path = shipout.c; sourceTree = "<group>"; };
		7FAE1421271D0FD4001234C6 /* eval_nonstop.c */ = {isa = PBXFileReference; fileEncoding = 4; lastKnownFileType = sourcecode.c.c; path = eval_nonstop.c; sourceTree = "<group>"; };
		7FAE1422271D0FD4001234C6 /* printbuf.c */ = {isa = PBXFileReference; fileEncoding = 4; lastKnownFileType = sourcecode.c.c; path = printbuf.c; sourceTree = "<group>"; };
		7FAE1423271D0FD4001234C6 /* draw_selection_rect.c */ = {isa = PBXFileReference; fileEncoding = 4; lastKnownFileType = sourcecode.c.c; path = draw_selection_rect.c; sourceTree = "<group>"; };
		7FAE1424271D0FD4001234C6 /* draw_display.c */ = {isa = PBXFileReference; fileEncoding = 4; lastKnownFileType = sourcecode.c.c; path = draw_display.c; sourceTree = "<group>"; };
		7FAE1425271D0FD4001234C6 /* run_thread.c */ = {isa = PBXFileReference; fileEncoding = 4; lastKnownFileType = sourcecode.c.c; path = run_thread.c; sourceTree = "<group>"; };
		7FAE1426271D0FD4001234C6 /* app.c */ = {isa = PBXFileReference; fileEncoding = 4; lastKnownFileType = sourcecode.c.c; path = app.c; sourceTree = "<group>"; };
		7FAE1427271D0FD4001234C6 /* fontinfo.c */ = {isa = PBXFileReference; fileEncoding = 4; lastKnownFileType = sourcecode.c.c; path = fontinfo.c; sourceTree = "<group>"; };
		7FF6B91B271DCAC20047F0A7 /* Base */ = {isa = PBXFileReference; lastKnownFileType = folder; name = Base; path = Base.lproj/Eigenmath.help; sourceTree = "<group>"; };
/* End PBXFileReference section */

/* Begin PBXFrameworksBuildPhase section */
		7F2C0606271CFF3300128330 /* Frameworks */ = {
			isa = PBXFrameworksBuildPhase;
			buildActionMask = 2147483647;
			files = (
			);
			runOnlyForDeploymentPostprocessing = 0;
		};
/* End PBXFrameworksBuildPhase section */

/* Begin PBXGroup section */
		7F2C0600271CFF3300128330 = {
			isa = PBXGroup;
			children = (
				7F2C060B271CFF3300128330 /* src */,
				7F2C060A271CFF3300128330 /* Products */,
			);
			sourceTree = "<group>";
		};
		7F2C060A271CFF3300128330 /* Products */ = {
			isa = PBXGroup;
			children = (
				7F2C0609271CFF3300128330 /* Eigenmath.app */,
			);
			name = Products;
			sourceTree = "<group>";
		};
		7F2C060B271CFF3300128330 /* src */ = {
			isa = PBXGroup;
			children = (
				7FAE1419271D0FD4001234C6 /* C */,
				7F2C0617271CFF3F00128330 /* Eigenmath.entitlements */,
				7FF6B91A271DCAC20047F0A7 /* Eigenmath.help */,
				7F2C060C271CFF3300128330 /* EigenmathAppDelegate.h */,
				7F2C060D271CFF3300128330 /* EigenmathAppDelegate.m */,
				7FAB24A2271D054B007ED5D2 /* EigenmathView.h */,
				7FAB24A3271D0556007ED5D2 /* EigenmathView.m */,
				7F70C944271E015800691D3F /* Images.xcassets */,
				7F2C0614271CFF3F00128330 /* Info.plist */,
				7F2C0615271CFF3F00128330 /* main.m */,
				7F79615B27405F4E00211A54 /* MainMenu.xib */,
			);
			path = src;
			sourceTree = "<group>";
		};
		7FAE1419271D0FD4001234C6 /* C */ = {
			isa = PBXGroup;
			children = (
				7F7F97C9288AD33E007999F9 /* prototypes.h */,
				7F7F97C8288AD334007999F9 /* externs.h */,
				7F7F97C7288AD329007999F9 /* defs.h */,
				7F7F97C4288AD00E007999F9 /* eigenmath.c */,
				7FAE1426271D0FD4001234C6 /* app.c */,
				7FAE141F271D0FD4001234C6 /* app.h */,
				7FAE141E271D0FD4001234C6 /* atomic.c */,
				7FAE141A271D0FD4001234C6 /* display.c */,
				7FAE1424271D0FD4001234C6 /* draw_display.c */,
				7FAE1423271D0FD4001234C6 /* draw_selection_rect.c */,
				7FAE141B271D0FD4001234C6 /* emit.c */,
				7FAE141D271D0FD4001234C6 /* eval_draw.c */,
				7FAE1421271D0FD4001234C6 /* eval_nonstop.c */,
				7FAE1427271D0FD4001234C6 /* fontinfo.c */,
				7F261861274ACDDE00F8B109 /* history.c */,
				7FAE1422271D0FD4001234C6 /* printbuf.c */,
				7FAE1425271D0FD4001234C6 /* run_thread.c */,
				7FAE1420271D0FD4001234C6 /* shipout.c */,
			);
			path = C;
			sourceTree = "<group>";
		};
/* End PBXGroup section */

/* Begin PBXNativeTarget section */
		7F2C0608271CFF3300128330 /* Eigenmath */ = {
			isa = PBXNativeTarget;
			buildConfigurationList = 7F2C061A271CFF3F00128330 /* Build configuration list for PBXNativeTarget "Eigenmath" */;
			buildPhases = (
				7F2C0605271CFF3300128330 /* Sources */,
				7F2C0606271CFF3300128330 /* Frameworks */,
				7F2C0607271CFF3300128330 /* Resources */,
			);
			buildRules = (
			);
			dependencies = (
			);
			name = Eigenmath;
			productName = eigenmath;
			productReference = 7F2C0609271CFF3300128330 /* Eigenmath.app */;
			productType = "com.apple.product-type.application";
		};
/* End PBXNativeTarget section */

/* Begin PBXProject section */
		7F2C0601271CFF3300128330 /* Project object */ = {
			isa = PBXProject;
			attributes = {
				LastUpgradeCheck = 1240;
				TargetAttributes = {
					7F2C0608271CFF3300128330 = {
						CreatedOnToolsVersion = 12.4;
						ProvisioningStyle = Manual;
					};
				};
			};
			buildConfigurationList = 7F2C0604271CFF3300128330 /* Build configuration list for PBXProject "Eigenmath" */;
			compatibilityVersion = "Xcode 8.0";
			developmentRegion = en;
			hasScannedForEncodings = 0;
			knownRegions = (
				en,
				Base,
				English,
			);
			mainGroup = 7F2C0600271CFF3300128330;
			productRefGroup = 7F2C060A271CFF3300128330 /* Products */;
			projectDirPath = "";
			projectRoot = "";
			targets = (
				7F2C0608271CFF3300128330 /* Eigenmath */,
			);
		};
/* End PBXProject section */

/* Begin PBXResourcesBuildPhase section */
		7F2C0607271CFF3300128330 /* Resources */ = {
			isa = PBXResourcesBuildPhase;
			buildActionMask = 2147483647;
			files = (
				7F70C945271E015800691D3F /* Images.xcassets in Resources */,
				7FF6B91C271DCAC20047F0A7 /* Eigenmath.help in Resources */,
				7F79615D27405F4E00211A54 /* MainMenu.xib in Resources */,
			);
			runOnlyForDeploymentPostprocessing = 0;
		};
/* End PBXResourcesBuildPhase section */

/* Begin PBXSourcesBuildPhase section */
		7F2C0605271CFF3300128330 /* Sources */ = {
			isa = PBXSourcesBuildPhase;
			buildActionMask = 2147483647;
			files = (
				7FAE1429271D0FD4001234C6 /* emit.c in Sources */,
				7FAE142D271D0FD4001234C6 /* eval_nonstop.c in Sources */,
				7FAE142E271D0FD4001234C6 /* printbuf.c in Sources */,
				7FAB24A4271D0556007ED5D2 /* EigenmathView.m in Sources */,
				7FAE1430271D0FD4001234C6 /* draw_display.c in Sources */,
				7F2C0616271CFF3F00128330 /* main.m in Sources */,
				7F261862274ACDDE00F8B109 /* history.c in Sources */,
				7FAE1433271D0FD4001234C6 /* fontinfo.c in Sources */,
				7FAE1428271D0FD4001234C6 /* display.c in Sources */,
				7FAE142F271D0FD4001234C6 /* draw_selection_rect.c in Sources */,
				7FAE142A271D0FD4001234C6 /* eval_draw.c in Sources */,
				7FAE142C271D0FD4001234C6 /* shipout.c in Sources */,
				7FAE1431271D0FD4001234C6 /* run_thread.c in Sources */,
				7F7F97C5288AD00E007999F9 /* eigenmath.c in Sources */,
				7F2C060E271CFF3300128330 /* EigenmathAppDelegate.m in Sources */,
				7FAE1432271D0FD4001234C6 /* app.c in Sources */,
				7FAE142B271D0FD4001234C6 /* atomic.c in Sources */,
			);
			runOnlyForDeploymentPostprocessing = 0;
		};
/* End PBXSourcesBuildPhase section */

/* Begin PBXVariantGroup section */
		7F79615B27405F4E00211A54 /* MainMenu.xib */ = {
			isa = PBXVariantGroup;
			children = (
				7F79615C27405F4E00211A54 /* Base */,
			);
			name = MainMenu.xib;
			sourceTree = "<group>";
		};
		7FF6B91A271DCAC20047F0A7 /* Eigenmath.help */ = {
			isa = PBXVariantGroup;
			children = (
				7FF6B91B271DCAC20047F0A7 /* Base */,
			);
			name = Eigenmath.help;
			sourceTree = "<group>";
		};
/* End PBXVariantGroup section */

/* Begin XCBuildConfiguration section */
		7F2C0618271CFF3F00128330 /* Debug */ = {
			isa = XCBuildConfiguration;
			buildSettings = {
				ALWAYS_SEARCH_USER_PATHS = NO;
				CLANG_ANALYZER_NONNULL = YES;
				CLANG_ANALYZER_NUMBER_OBJECT_CONVERSION = YES_AGGRESSIVE;
				CLANG_CXX_LANGUAGE_STANDARD = "gnu++14";
				CLANG_CXX_LIBRARY = "libc++";
				CLANG_ENABLE_MODULES = YES;
				CLANG_ENABLE_OBJC_ARC = YES;
				CLANG_ENABLE_OBJC_WEAK = YES;
				CLANG_WARN_BLOCK_CAPTURE_AUTORELEASING = YES;
				CLANG_WARN_BOOL_CONVERSION = YES;
				CLANG_WARN_COMMA = YES;
				CLANG_WARN_CONSTANT_CONVERSION = YES;
				CLANG_WARN_DEPRECATED_OBJC_IMPLEMENTATIONS = YES;
				CLANG_WARN_DIRECT_OBJC_ISA_USAGE = YES_ERROR;
				CLANG_WARN_DOCUMENTATION_COMMENTS = YES;
				CLANG_WARN_EMPTY_BODY = YES;
				CLANG_WARN_ENUM_CONVERSION = YES;
				CLANG_WARN_INFINITE_RECURSION = YES;
				CLANG_WARN_INT_CONVERSION = YES;
				CLANG_WARN_NON_LITERAL_NULL_CONVERSION = YES;
				CLANG_WARN_OBJC_IMPLICIT_RETAIN_SELF = YES;
				CLANG_WARN_OBJC_LITERAL_CONVERSION = YES;
				CLANG_WARN_OBJC_ROOT_CLASS = YES_ERROR;
				CLANG_WARN_QUOTED_INCLUDE_IN_FRAMEWORK_HEADER = YES;
				CLANG_WARN_RANGE_LOOP_ANALYSIS = YES;
				CLANG_WARN_STRICT_PROTOTYPES = YES;
				CLANG_WARN_SUSPICIOUS_MOVE = YES;
				CLANG_WARN_UNGUARDED_AVAILABILITY = YES_AGGRESSIVE;
				CLANG_WARN_UNREACHABLE_CODE = YES;
				CLANG_WARN__DUPLICATE_METHOD_MATCH = YES;
				COPY_PHASE_STRIP = NO;
				DEBUG_INFORMATION_FORMAT = dwarf;
				ENABLE_HARDENED_RUNTIME = YES;
				ENABLE_STRICT_OBJC_MSGSEND = YES;
				ENABLE_TESTABILITY = YES;
				GCC_C_LANGUAGE_STANDARD = gnu11;
				GCC_DYNAMIC_NO_PIC = NO;
				GCC_NO_COMMON_BLOCKS = YES;
				GCC_OPTIMIZATION_LEVEL = 0;
				GCC_PREPROCESSOR_DEFINITIONS = (
					"DEBUG=1",
					"$(inherited)",
				);
				GCC_WARN_64_TO_32_BIT_CONVERSION = YES;
				GCC_WARN_ABOUT_RETURN_TYPE = YES_ERROR;
				GCC_WARN_UNDECLARED_SELECTOR = YES;
				GCC_WARN_UNINITIALIZED_AUTOS = YES_AGGRESSIVE;
				GCC_WARN_UNUSED_FUNCTION = YES;
				GCC_WARN_UNUSED_VARIABLE = YES;
				MACOSX_DEPLOYMENT_TARGET = 10.10;
				MTL_ENABLE_DEBUG_INFO = INCLUDE_SOURCE;
				MTL_FAST_MATH = YES;
				ONLY_ACTIVE_ARCH = YES;
				SDKROOT = macosx;
			};
			name = Debug;
		};
		7F2C0619271CFF3F00128330 /* Release */ = {
			isa = XCBuildConfiguration;
			buildSettings = {
				ALWAYS_SEARCH_USER_PATHS = NO;
				CLANG_ANALYZER_NONNULL = YES;
				CLANG_ANALYZER_NUMBER_OBJECT_CONVERSION = YES_AGGRESSIVE;
				CLANG_CXX_LANGUAGE_STANDARD = "gnu++14";
				CLANG_CXX_LIBRARY = "libc++";
				CLANG_ENABLE_MODULES = YES;
				CLANG_ENABLE_OBJC_ARC = YES;
				CLANG_ENABLE_OBJC_WEAK = YES;
				CLANG_WARN_BLOCK_CAPTURE_AUTORELEASING = YES;
				CLANG_WARN_BOOL_CONVERSION = YES;
				CLANG_WARN_COMMA = YES;
				CLANG_WARN_CONSTANT_CONVERSION = YES;
				CLANG_WARN_DEPRECATED_OBJC_IMPLEMENTATIONS = YES;
				CLANG_WARN_DIRECT_OBJC_ISA_USAGE = YES_ERROR;
				CLANG_WARN_DOCUMENTATION_COMMENTS = YES;
				CLANG_WARN_EMPTY_BODY = YES;
				CLANG_WARN_ENUM_CONVERSION = YES;
				CLANG_WARN_INFINITE_RECURSION = YES;
				CLANG_WARN_INT_CONVERSION = YES;
				CLANG_WARN_NON_LITERAL_NULL_CONVERSION = YES;
				CLANG_WARN_OBJC_IMPLICIT_RETAIN_SELF = YES;
				CLANG_WARN_OBJC_LITERAL_CONVERSION = YES;
				CLANG_WARN_OBJC_ROOT_CLASS = YES_ERROR;
				CLANG_WARN_QUOTED_INCLUDE_IN_FRAMEWORK_HEADER = YES;
				CLANG_WARN_RANGE_LOOP_ANALYSIS = YES;
				CLANG_WARN_STRICT_PROTOTYPES = YES;
				CLANG_WARN_SUSPICIOUS_MOVE = YES;
				CLANG_WARN_UNGUARDED_AVAILABILITY = YES_AGGRESSIVE;
				CLANG_WARN_UNREACHABLE_CODE = YES;
				CLANG_WARN__DUPLICATE_METHOD_MATCH = YES;
				COPY_PHASE_STRIP = NO;
				DEBUG_INFORMATION_FORMAT = "dwarf-with-dsym";
				ENABLE_HARDENED_RUNTIME = YES;
				ENABLE_NS_ASSERTIONS = NO;
				ENABLE_STRICT_OBJC_MSGSEND = YES;
				GCC_C_LANGUAGE_STANDARD = gnu11;
				GCC_NO_COMMON_BLOCKS = YES;
				GCC_OPTIMIZATION_LEVEL = 0;
				GCC_WARN_64_TO_32_BIT_CONVERSION = YES;
				GCC_WARN_ABOUT_RETURN_TYPE = YES_ERROR;
				GCC_WARN_UNDECLARED_SELECTOR = YES;
				GCC_WARN_UNINITIALIZED_AUTOS = YES_AGGRESSIVE;
				GCC_WARN_UNUSED_FUNCTION = YES;
				GCC_WARN_UNUSED_VARIABLE = YES;
				MACOSX_DEPLOYMENT_TARGET = 10.10;
				MTL_ENABLE_DEBUG_INFO = NO;
				MTL_FAST_MATH = YES;
				SDKROOT = macosx;
			};
			name = Release;
		};
		7F2C061B271CFF3F00128330 /* Debug */ = {
			isa = XCBuildConfiguration;
			buildSettings = {
				ASSETCATALOG_COMPILER_APPICON_NAME = AppIcon;
				ASSETCATALOG_COMPILER_GLOBAL_ACCENT_COLOR_NAME = AccentColor;
				CODE_SIGN_ENTITLEMENTS = src/eigenmath.entitlements;
				CODE_SIGN_IDENTITY = "-";
				CODE_SIGN_STYLE = Manual;
				CURRENT_PROJECT_VERSION = 311;
				DEVELOPMENT_TEAM = "";
				ENABLE_HARDENED_RUNTIME = NO;
				INFOPLIST_FILE = "$(SRCROOT)/src/Info.plist";
				LD_RUNPATH_SEARCH_PATHS = "$(inherited) @executable_path/../Frameworks";
				MACOSX_DEPLOYMENT_TARGET = 10.10;
				MARKETING_VERSION = 3.11;
				PRODUCT_NAME = "$(TARGET_NAME)";
				PROVISIONING_PROFILE_SPECIFIER = "";
			};
			name = Debug;
		};
		7F2C061C271CFF3F00128330 /* Release */ = {
			isa = XCBuildConfiguration;
			buildSettings = {
				ASSETCATALOG_COMPILER_APPICON_NAME = AppIcon;
				ASSETCATALOG_COMPILER_GLOBAL_ACCENT_COLOR_NAME = AccentColor;
				CODE_SIGN_ENTITLEMENTS = src/eigenmath.entitlements;
				CODE_SIGN_IDENTITY = "-";
				CODE_SIGN_STYLE = Manual;
				CURRENT_PROJECT_VERSION = 311;
				DEVELOPMENT_TEAM = "";
				ENABLE_HARDENED_RUNTIME = NO;
				GCC_OPTIMIZATION_LEVEL = 0;
				INFOPLIST_FILE = "$(SRCROOT)/src/Info.plist";
				LD_RUNPATH_SEARCH_PATHS = "$(inherited) @executable_path/../Frameworks";
				MACOSX_DEPLOYMENT_TARGET = 10.10;
				MARKETING_VERSION = 3.11;
				PRODUCT_NAME = "$(TARGET_NAME)";
				PROVISIONING_PROFILE_SPECIFIER = "";
			};
			name = Release;
		};
/* End XCBuildConfiguration section */

/* Begin XCConfigurationList section */
		7F2C0604271CFF3300128330 /* Build configuration list for PBXProject "Eigenmath" */ = {
			isa = XCConfigurationList;
			buildConfigurations = (
				7F2C0618271CFF3F00128330 /* Debug */,
				7F2C0619271CFF3F00128330 /* Release */,
			);
			defaultConfigurationIsVisible = 0;
			defaultConfigurationName = Release;
		};
		7F2C061A271CFF3F00128330 /* Build configuration list for PBXNativeTarget "Eigenmath" */ = {
			isa = XCConfigurationList;
			buildConfigurations = (
				7F2C061B271CFF3F00128330 /* Debug */,
				7F2C061C271CFF3F00128330 /* Release */,
			);
			defaultConfigurationIsVisible = 0;
			defaultConfigurationName = Release;
		};
/* End XCConfigurationList section */
	};
	rootObject = 7F2C0601271CFF3300128330 /* Project object */;
}
